// !$*UTF8*$!
{
	archiveVersion = 1;
	classes = {
	};
	objectVersion = 51;
	objects = {

/* Begin PBXBuildFile section */
		63A6FEB3F839995484A09050 /* Pods_CoreDataRepository.framework in Frameworks */ = {isa = PBXBuildFile; fileRef = E9EF95D30A43C895C73B3A1D /* Pods_CoreDataRepository.framework */; };
		847416381430D064AA80A8D1 /* Pods_post_sharing_social_mediaTests.framework in Frameworks */ = {isa = PBXBuildFile; fileRef = ED914818A9E896B624201E3B /* Pods_post_sharing_social_mediaTests.framework */; };
		895604E1367DABFA5F95E145 /* Pods_CoreDataRepositoryTests.framework in Frameworks */ = {isa = PBXBuildFile; fileRef = 3AF36ADCE693C4A22CCD7507 /* Pods_CoreDataRepositoryTests.framework */; };
		BFFF611A085257039D2AFB8C /* Pods_post_sharing_social_media_post_sharing_social_mediaUITests.framework in Frameworks */ = {isa = PBXBuildFile; fileRef = 65E0D5193F485FFAA803AC72 /* Pods_post_sharing_social_media_post_sharing_social_mediaUITests.framework */; };
		DD56F2D224A7325900865FFC /* LaunchScreenConstants.swift in Sources */ = {isa = PBXBuildFile; fileRef = DD56F2D124A7325900865FFC /* LaunchScreenConstants.swift */; };
		DD56F2D524A735B200865FFC /* PostCollectionViewCell.swift in Sources */ = {isa = PBXBuildFile; fileRef = DD56F2D424A735B200865FFC /* PostCollectionViewCell.swift */; };
		DD56F2D824A741CB00865FFC /* CollectionViewCellsConstants.swift in Sources */ = {isa = PBXBuildFile; fileRef = DD56F2D724A741CB00865FFC /* CollectionViewCellsConstants.swift */; };
		DD56F2E024A75A1500865FFC /* PostSection.swift in Sources */ = {isa = PBXBuildFile; fileRef = DD56F2DF24A75A1500865FFC /* PostSection.swift */; };
		DD56F2E324A75C6900865FFC /* Post+IdentifiableType.swift in Sources */ = {isa = PBXBuildFile; fileRef = DD56F2E224A75C6900865FFC /* Post+IdentifiableType.swift */; };
		DD56F2E624A7B03C00865FFC /* String+FontSize.swift in Sources */ = {isa = PBXBuildFile; fileRef = DD56F2E524A7B03C00865FFC /* String+FontSize.swift */; };
		DD56F2E924A7B7E300865FFC /* PostTableViewCellConstants.swift in Sources */ = {isa = PBXBuildFile; fileRef = DD56F2E824A7B7E300865FFC /* PostTableViewCellConstants.swift */; };
		DD56F2EC24A7D28700865FFC /* Gradient.swift in Sources */ = {isa = PBXBuildFile; fileRef = DD56F2EB24A7D28700865FFC /* Gradient.swift */; };
		DD58D3C824B2FE4D00E3C9EE /* Model.framework in Frameworks */ = {isa = PBXBuildFile; fileRef = DD58D3BF24B2FE4C00E3C9EE /* Model.framework */; };
		DD58D3CF24B2FE4D00E3C9EE /* ModelTests.swift in Sources */ = {isa = PBXBuildFile; fileRef = DD58D3CE24B2FE4D00E3C9EE /* ModelTests.swift */; };
		DD58D3D124B2FE4D00E3C9EE /* Model.h in Headers */ = {isa = PBXBuildFile; fileRef = DD58D3C124B2FE4C00E3C9EE /* Model.h */; settings = {ATTRIBUTES = (Public, ); }; };
		DD58D3D424B2FE4D00E3C9EE /* Model.framework in Frameworks */ = {isa = PBXBuildFile; fileRef = DD58D3BF24B2FE4C00E3C9EE /* Model.framework */; };
		DD58D3D524B2FE4D00E3C9EE /* Model.framework in Embed Frameworks */ = {isa = PBXBuildFile; fileRef = DD58D3BF24B2FE4C00E3C9EE /* Model.framework */; settings = {ATTRIBUTES = (CodeSignOnCopy, RemoveHeadersOnCopy, ); }; };
		DD58D3DC24B2FE5D00E3C9EE /* Post.swift in Sources */ = {isa = PBXBuildFile; fileRef = DD56F2DA24A747D800865FFC /* Post.swift */; };
		DD58D3DE24B2FE7400E3C9EE /* Model.framework in Frameworks */ = {isa = PBXBuildFile; fileRef = DD58D3BF24B2FE4C00E3C9EE /* Model.framework */; };
		DD58D3DF24B2FE7400E3C9EE /* Model.framework in Embed Frameworks */ = {isa = PBXBuildFile; fileRef = DD58D3BF24B2FE4C00E3C9EE /* Model.framework */; settings = {ATTRIBUTES = (CodeSignOnCopy, RemoveHeadersOnCopy, ); }; };
		DD58D3E624B31CA500E3C9EE /* PostsRepository.swift in Sources */ = {isa = PBXBuildFile; fileRef = DD58D3E524B31CA500E3C9EE /* PostsRepository.swift */; };
		DD58D3E724B32D3C00E3C9EE /* PostAppModel.xcdatamodeld in Sources */ = {isa = PBXBuildFile; fileRef = DD5DC0AB24B06543009DFE36 /* PostAppModel.xcdatamodeld */; };
		DD590AB624A5CCF20015980C /* AppCoordinator.swift in Sources */ = {isa = PBXBuildFile; fileRef = DD590AB524A5CCF20015980C /* AppCoordinator.swift */; };
		DD590AB924A5CD8D0015980C /* UIViewController+Drawable.swift in Sources */ = {isa = PBXBuildFile; fileRef = DD590AB824A5CD8D0015980C /* UIViewController+Drawable.swift */; };
		DD590ABC24A5CE5C0015980C /* Router.swift in Sources */ = {isa = PBXBuildFile; fileRef = DD590ABB24A5CE5B0015980C /* Router.swift */; };
		DD590ABE24A5CF7E0015980C /* AppRouter.swift in Sources */ = {isa = PBXBuildFile; fileRef = DD590ABD24A5CF7E0015980C /* AppRouter.swift */; };
		DD590AC024A5D9630015980C /* HallCoordinator.swift in Sources */ = {isa = PBXBuildFile; fileRef = DD590ABF24A5D9630015980C /* HallCoordinator.swift */; };
		DD590AC324A5DC740015980C /* AppUINavigationController.swift in Sources */ = {isa = PBXBuildFile; fileRef = DD590AC224A5DC740015980C /* AppUINavigationController.swift */; };
		DD590AC524A60FF60015980C /* LaunchScreen.xib in Resources */ = {isa = PBXBuildFile; fileRef = DD590AC424A60FF60015980C /* LaunchScreen.xib */; };
		DD590AC824A624260015980C /* LaunchScreenManager.swift in Sources */ = {isa = PBXBuildFile; fileRef = DD590AC724A624260015980C /* LaunchScreenManager.swift */; };
		DD5AFB1524A8B97300808953 /* CreatePostViewController.swift in Sources */ = {isa = PBXBuildFile; fileRef = DD5AFB1424A8B97300808953 /* CreatePostViewController.swift */; };
		DD5AFB1824A8CC7F00808953 /* CreatePostViewModel.swift in Sources */ = {isa = PBXBuildFile; fileRef = DD5AFB1724A8CC7F00808953 /* CreatePostViewModel.swift */; };
		DD5AFB1C24A8D0B700808953 /* CreatePostConstants.swift in Sources */ = {isa = PBXBuildFile; fileRef = DD5AFB1B24A8D0B700808953 /* CreatePostConstants.swift */; };
		DD5AFB2024A8D30E00808953 /* CreatePostTextView.swift in Sources */ = {isa = PBXBuildFile; fileRef = DD5AFB1F24A8D30E00808953 /* CreatePostTextView.swift */; };
		DD5AFB2824A8DB6200808953 /* Localizable.strings in Resources */ = {isa = PBXBuildFile; fileRef = DD5AFB2624A8DB6200808953 /* Localizable.strings */; };
		DD5DC0AA24B063DB009DFE36 /* CoreDataStack.swift in Sources */ = {isa = PBXBuildFile; fileRef = DD5DC0A924B063DB009DFE36 /* CoreDataStack.swift */; };
		DD5DC0AD24B06543009DFE36 /* PostAppModel.xcdatamodeld in Sources */ = {isa = PBXBuildFile; fileRef = DD5DC0AB24B06543009DFE36 /* PostAppModel.xcdatamodeld */; };
		DD5DC0B024B0A918009DFE36 /* ContextScheduler.swift in Sources */ = {isa = PBXBuildFile; fileRef = DD5DC0AF24B0A918009DFE36 /* ContextScheduler.swift */; };
		DD5DC0B324B0AF40009DFE36 /* Observable+Ext.swift in Sources */ = {isa = PBXBuildFile; fileRef = DD5DC0B224B0AF40009DFE36 /* Observable+Ext.swift */; };
		DD60FDF724A9C46D0008092D /* CreatePostViewController+Keyboard.swift in Sources */ = {isa = PBXBuildFile; fileRef = DD60FDF624A9C46D0008092D /* CreatePostViewController+Keyboard.swift */; };
		DD60FDF924A9C9F10008092D /* CreatePostViewController+TextDelegate.swift in Sources */ = {isa = PBXBuildFile; fileRef = DD60FDF824A9C9F10008092D /* CreatePostViewController+TextDelegate.swift */; };
		DD6240F724ACCC6100FB186C /* NSManagedObjectContext+Rx.swift in Sources */ = {isa = PBXBuildFile; fileRef = DD6240F624ACCC6100FB186C /* NSManagedObjectContext+Rx.swift */; };
		DD6240F924ACCD4A00FB186C /* FetchedResultsControllerControllerEntityObserver.swift in Sources */ = {isa = PBXBuildFile; fileRef = DD6240F824ACCD4A00FB186C /* FetchedResultsControllerControllerEntityObserver.swift */; };
		DD6240FB24ACD0EA00FB186C /* FetchedResultsControllerSectionObserver.swift in Sources */ = {isa = PBXBuildFile; fileRef = DD6240FA24ACD0EA00FB186C /* FetchedResultsControllerSectionObserver.swift */; };
		DD65590E24AB986D0022CDC4 /* CoreDataRepository.framework in Frameworks */ = {isa = PBXBuildFile; fileRef = DD65590524AB986D0022CDC4 /* CoreDataRepository.framework */; };
		DD65591524AB986D0022CDC4 /* CoreDataRepositoryTests.swift in Sources */ = {isa = PBXBuildFile; fileRef = DD65591424AB986D0022CDC4 /* CoreDataRepositoryTests.swift */; };
		DD65591724AB986D0022CDC4 /* CoreDataRepository.h in Headers */ = {isa = PBXBuildFile; fileRef = DD65590724AB986D0022CDC4 /* CoreDataRepository.h */; settings = {ATTRIBUTES = (Public, ); }; };
		DD65592624ABA9A10022CDC4 /* Repository.swift in Sources */ = {isa = PBXBuildFile; fileRef = DD65592524ABA9A10022CDC4 /* Repository.swift */; };
		DD65592824ABA9DC0022CDC4 /* BaseRepository.swift in Sources */ = {isa = PBXBuildFile; fileRef = DD65592724ABA9DC0022CDC4 /* BaseRepository.swift */; };
		DD65592B24ABB1BD0022CDC4 /* Persistable.swift in Sources */ = {isa = PBXBuildFile; fileRef = DD65592A24ABB1BD0022CDC4 /* Persistable.swift */; };
		DD65592D24ABB85C0022CDC4 /* ModelConvertibleType.swift in Sources */ = {isa = PBXBuildFile; fileRef = DD65592C24ABB85C0022CDC4 /* ModelConvertibleType.swift */; };
		DD667AEB24B2611900E4F75F /* CoreDataRepository.framework in Frameworks */ = {isa = PBXBuildFile; fileRef = DD65590524AB986D0022CDC4 /* CoreDataRepository.framework */; };
		DD667AEC24B2611900E4F75F /* CoreDataRepository.framework in Embed Frameworks */ = {isa = PBXBuildFile; fileRef = DD65590524AB986D0022CDC4 /* CoreDataRepository.framework */; settings = {ATTRIBUTES = (CodeSignOnCopy, RemoveHeadersOnCopy, ); }; };
		DD667B0624B2654800E4F75F /* CDPost+CoreDataClass.swift in Sources */ = {isa = PBXBuildFile; fileRef = DD667B0424B2654800E4F75F /* CDPost+CoreDataClass.swift */; };
		DD667B0724B2654800E4F75F /* CDPost+CoreDataProperties.swift in Sources */ = {isa = PBXBuildFile; fileRef = DD667B0524B2654800E4F75F /* CDPost+CoreDataProperties.swift */; };
		DD667B0924B2659C00E4F75F /* CDPost+Ext.swift in Sources */ = {isa = PBXBuildFile; fileRef = DD667B0824B2659C00E4F75F /* CDPost+Ext.swift */; };
		DD7B3BF724B4681C0052618A /* Date+Formatter.swift in Sources */ = {isa = PBXBuildFile; fileRef = DD7B3BF624B4681C0052618A /* Date+Formatter.swift */; };
		DD89BCEF24A51A3E00E0F32A /* Coordinator.swift in Sources */ = {isa = PBXBuildFile; fileRef = DD89BCEE24A51A3E00E0F32A /* Coordinator.swift */; };
		DD89BCF124A51AC000E0F32A /* BaseCoordinator.swift in Sources */ = {isa = PBXBuildFile; fileRef = DD89BCF024A51AC000E0F32A /* BaseCoordinator.swift */; };
		DDC43EEF24A6675500A00409 /* HallViewController.swift in Sources */ = {isa = PBXBuildFile; fileRef = DDC43EEE24A6675500A00409 /* HallViewController.swift */; };
		DDC43EF224A6677900A00409 /* HallViewModel.swift in Sources */ = {isa = PBXBuildFile; fileRef = DDC43EF124A6677900A00409 /* HallViewModel.swift */; };
		DDC43EF424A66F8D00A00409 /* ViewModelType.swift in Sources */ = {isa = PBXBuildFile; fileRef = DDC43EF324A66F8D00A00409 /* ViewModelType.swift */; };
		DDD09A2D24A35E74003B01F1 /* GoogleService-Info.plist in Resources */ = {isa = PBXBuildFile; fileRef = DDD09A2C24A35E74003B01F1 /* GoogleService-Info.plist */; };
		DDDF7D9E24A34DEE0018E8C5 /* AppDelegate.swift in Sources */ = {isa = PBXBuildFile; fileRef = DDDF7D9D24A34DEE0018E8C5 /* AppDelegate.swift */; };
		DDDF7DA024A34DEE0018E8C5 /* SceneDelegate.swift in Sources */ = {isa = PBXBuildFile; fileRef = DDDF7D9F24A34DEE0018E8C5 /* SceneDelegate.swift */; };
		DDDF7DA524A34DEE0018E8C5 /* Main.storyboard in Resources */ = {isa = PBXBuildFile; fileRef = DDDF7DA324A34DEE0018E8C5 /* Main.storyboard */; };
		DDDF7DA724A34DF10018E8C5 /* Assets.xcassets in Resources */ = {isa = PBXBuildFile; fileRef = DDDF7DA624A34DF10018E8C5 /* Assets.xcassets */; };
		DDDF7DB524A34DF10018E8C5 /* post_sharing_social_mediaTests.swift in Sources */ = {isa = PBXBuildFile; fileRef = DDDF7DB424A34DF10018E8C5 /* post_sharing_social_mediaTests.swift */; };
		DDDF7DC024A34DF10018E8C5 /* post_sharing_social_mediaUITests.swift in Sources */ = {isa = PBXBuildFile; fileRef = DDDF7DBF24A34DF10018E8C5 /* post_sharing_social_mediaUITests.swift */; };
		EAD22F3BCEC67B5661D3013A /* Pods_post_sharing_social_media.framework in Frameworks */ = {isa = PBXBuildFile; fileRef = 4C7E1CE864CD1C63C91E938A /* Pods_post_sharing_social_media.framework */; };
/* End PBXBuildFile section */

/* Begin PBXContainerItemProxy section */
		DD58D3C924B2FE4D00E3C9EE /* PBXContainerItemProxy */ = {
			isa = PBXContainerItemProxy;
			containerPortal = DDDF7D9224A34DEE0018E8C5 /* Project object */;
			proxyType = 1;
			remoteGlobalIDString = DD58D3BE24B2FE4C00E3C9EE;
			remoteInfo = Model;
		};
		DD58D3CB24B2FE4D00E3C9EE /* PBXContainerItemProxy */ = {
			isa = PBXContainerItemProxy;
			containerPortal = DDDF7D9224A34DEE0018E8C5 /* Project object */;
			proxyType = 1;
			remoteGlobalIDString = DDDF7D9924A34DEE0018E8C5;
			remoteInfo = "post sharing social media";
		};
		DD58D3D224B2FE4D00E3C9EE /* PBXContainerItemProxy */ = {
			isa = PBXContainerItemProxy;
			containerPortal = DDDF7D9224A34DEE0018E8C5 /* Project object */;
			proxyType = 1;
			remoteGlobalIDString = DD58D3BE24B2FE4C00E3C9EE;
			remoteInfo = Model;
		};
		DD58D3E024B2FE7400E3C9EE /* PBXContainerItemProxy */ = {
			isa = PBXContainerItemProxy;
			containerPortal = DDDF7D9224A34DEE0018E8C5 /* Project object */;
			proxyType = 1;
			remoteGlobalIDString = DD58D3BE24B2FE4C00E3C9EE;
			remoteInfo = Model;
		};
		DD65590F24AB986D0022CDC4 /* PBXContainerItemProxy */ = {
			isa = PBXContainerItemProxy;
			containerPortal = DDDF7D9224A34DEE0018E8C5 /* Project object */;
			proxyType = 1;
			remoteGlobalIDString = DD65590424AB986D0022CDC4;
			remoteInfo = CoreDataRepository;
		};
		DD65591124AB986D0022CDC4 /* PBXContainerItemProxy */ = {
			isa = PBXContainerItemProxy;
			containerPortal = DDDF7D9224A34DEE0018E8C5 /* Project object */;
			proxyType = 1;
			remoteGlobalIDString = DDDF7D9924A34DEE0018E8C5;
			remoteInfo = "post sharing social media";
		};
		DD65592324AB98F40022CDC4 /* PBXContainerItemProxy */ = {
			isa = PBXContainerItemProxy;
			containerPortal = DDDF7D9224A34DEE0018E8C5 /* Project object */;
			proxyType = 1;
			remoteGlobalIDString = DD65590424AB986D0022CDC4;
			remoteInfo = CoreDataRepository;
		};
		DD667AED24B2611900E4F75F /* PBXContainerItemProxy */ = {
			isa = PBXContainerItemProxy;
			containerPortal = DDDF7D9224A34DEE0018E8C5 /* Project object */;
			proxyType = 1;
			remoteGlobalIDString = DD65590424AB986D0022CDC4;
			remoteInfo = CoreDataRepository;
		};
		DDDF7DB124A34DF10018E8C5 /* PBXContainerItemProxy */ = {
			isa = PBXContainerItemProxy;
			containerPortal = DDDF7D9224A34DEE0018E8C5 /* Project object */;
			proxyType = 1;
			remoteGlobalIDString = DDDF7D9924A34DEE0018E8C5;
			remoteInfo = "post sharing social media";
		};
		DDDF7DBC24A34DF10018E8C5 /* PBXContainerItemProxy */ = {
			isa = PBXContainerItemProxy;
			containerPortal = DDDF7D9224A34DEE0018E8C5 /* Project object */;
			proxyType = 1;
			remoteGlobalIDString = DDDF7D9924A34DEE0018E8C5;
			remoteInfo = "post sharing social media";
		};
/* End PBXContainerItemProxy section */

/* Begin PBXCopyFilesBuildPhase section */
		DD58D3E224B2FE7400E3C9EE /* Embed Frameworks */ = {
			isa = PBXCopyFilesBuildPhase;
			buildActionMask = 2147483647;
			dstPath = "";
			dstSubfolderSpec = 10;
			files = (
				DD58D3DF24B2FE7400E3C9EE /* Model.framework in Embed Frameworks */,
			);
			name = "Embed Frameworks";
			runOnlyForDeploymentPostprocessing = 0;
		};
		DD667AEF24B2611900E4F75F /* Embed Frameworks */ = {
			isa = PBXCopyFilesBuildPhase;
			buildActionMask = 2147483647;
			dstPath = "";
			dstSubfolderSpec = 10;
			files = (
				DD58D3D524B2FE4D00E3C9EE /* Model.framework in Embed Frameworks */,
				DD667AEC24B2611900E4F75F /* CoreDataRepository.framework in Embed Frameworks */,
			);
			name = "Embed Frameworks";
			runOnlyForDeploymentPostprocessing = 0;
		};
/* End PBXCopyFilesBuildPhase section */

/* Begin PBXFileReference section */
		1C4A1C130C27BFF5332F48C5 /* Pods-CoreDataRepository.debug.xcconfig */ = {isa = PBXFileReference; includeInIndex = 1; lastKnownFileType = text.xcconfig; name = "Pods-CoreDataRepository.debug.xcconfig"; path = "Target Support Files/Pods-CoreDataRepository/Pods-CoreDataRepository.debug.xcconfig"; sourceTree = "<group>"; };
		34AC3148BFC815EC3CCBBB19 /* Pods-CoreDataRepositoryTests.release.xcconfig */ = {isa = PBXFileReference; includeInIndex = 1; lastKnownFileType = text.xcconfig; name = "Pods-CoreDataRepositoryTests.release.xcconfig"; path = "Target Support Files/Pods-CoreDataRepositoryTests/Pods-CoreDataRepositoryTests.release.xcconfig"; sourceTree = "<group>"; };
		3AF36ADCE693C4A22CCD7507 /* Pods_CoreDataRepositoryTests.framework */ = {isa = PBXFileReference; explicitFileType = wrapper.framework; includeInIndex = 0; path = Pods_CoreDataRepositoryTests.framework; sourceTree = BUILT_PRODUCTS_DIR; };
		4A0D1EDCE2436A26D2F00915 /* Pods-post sharing social mediaTests.debug.xcconfig */ = {isa = PBXFileReference; includeInIndex = 1; lastKnownFileType = text.xcconfig; name = "Pods-post sharing social mediaTests.debug.xcconfig"; path = "Target Support Files/Pods-post sharing social mediaTests/Pods-post sharing social mediaTests.debug.xcconfig"; sourceTree = "<group>"; };
		4C7E1CE864CD1C63C91E938A /* Pods_post_sharing_social_media.framework */ = {isa = PBXFileReference; explicitFileType = wrapper.framework; includeInIndex = 0; path = Pods_post_sharing_social_media.framework; sourceTree = BUILT_PRODUCTS_DIR; };
		4E13E7369C8834744B0FC10D /* Pods-post sharing social media.debug.xcconfig */ = {isa = PBXFileReference; includeInIndex = 1; lastKnownFileType = text.xcconfig; name = "Pods-post sharing social media.debug.xcconfig"; path = "Target Support Files/Pods-post sharing social media/Pods-post sharing social media.debug.xcconfig"; sourceTree = "<group>"; };
		51B22B956374E533A731BDBB /* Pods-post sharing social mediaTests.release.xcconfig */ = {isa = PBXFileReference; includeInIndex = 1; lastKnownFileType = text.xcconfig; name = "Pods-post sharing social mediaTests.release.xcconfig"; path = "Target Support Files/Pods-post sharing social mediaTests/Pods-post sharing social mediaTests.release.xcconfig"; sourceTree = "<group>"; };
		65E0D5193F485FFAA803AC72 /* Pods_post_sharing_social_media_post_sharing_social_mediaUITests.framework */ = {isa = PBXFileReference; explicitFileType = wrapper.framework; includeInIndex = 0; path = Pods_post_sharing_social_media_post_sharing_social_mediaUITests.framework; sourceTree = BUILT_PRODUCTS_DIR; };
		75636FBEDF6E266C77D6BA71 /* Pods-CoreDataRepository.release.xcconfig */ = {isa = PBXFileReference; includeInIndex = 1; lastKnownFileType = text.xcconfig; name = "Pods-CoreDataRepository.release.xcconfig"; path = "Target Support Files/Pods-CoreDataRepository/Pods-CoreDataRepository.release.xcconfig"; sourceTree = "<group>"; };
		A4A4497106A05FB329A48618 /* Pods-post sharing social media-post sharing social mediaUITests.debug.xcconfig */ = {isa = PBXFileReference; includeInIndex = 1; lastKnownFileType = text.xcconfig; name = "Pods-post sharing social media-post sharing social mediaUITests.debug.xcconfig"; path = "Target Support Files/Pods-post sharing social media-post sharing social mediaUITests/Pods-post sharing social media-post sharing social mediaUITests.debug.xcconfig"; sourceTree = "<group>"; };
		DD56F2D124A7325900865FFC /* LaunchScreenConstants.swift */ = {isa = PBXFileReference; lastKnownFileType = sourcecode.swift; path = LaunchScreenConstants.swift; sourceTree = "<group>"; };
		DD56F2D424A735B200865FFC /* PostCollectionViewCell.swift */ = {isa = PBXFileReference; lastKnownFileType = sourcecode.swift; path = PostCollectionViewCell.swift; sourceTree = "<group>"; };
		DD56F2D724A741CB00865FFC /* CollectionViewCellsConstants.swift */ = {isa = PBXFileReference; lastKnownFileType = sourcecode.swift; path = CollectionViewCellsConstants.swift; sourceTree = "<group>"; };
		DD56F2DA24A747D800865FFC /* Post.swift */ = {isa = PBXFileReference; lastKnownFileType = sourcecode.swift; path = Post.swift; sourceTree = "<group>"; };
		DD56F2DF24A75A1500865FFC /* PostSection.swift */ = {isa = PBXFileReference; lastKnownFileType = sourcecode.swift; path = PostSection.swift; sourceTree = "<group>"; };
		DD56F2E224A75C6900865FFC /* Post+IdentifiableType.swift */ = {isa = PBXFileReference; lastKnownFileType = sourcecode.swift; path = "Post+IdentifiableType.swift"; sourceTree = "<group>"; };
		DD56F2E524A7B03C00865FFC /* String+FontSize.swift */ = {isa = PBXFileReference; lastKnownFileType = sourcecode.swift; path = "String+FontSize.swift"; sourceTree = "<group>"; };
		DD56F2E824A7B7E300865FFC /* PostTableViewCellConstants.swift */ = {isa = PBXFileReference; lastKnownFileType = sourcecode.swift; path = PostTableViewCellConstants.swift; sourceTree = "<group>"; };
		DD56F2EB24A7D28700865FFC /* Gradient.swift */ = {isa = PBXFileReference; lastKnownFileType = sourcecode.swift; path = Gradient.swift; sourceTree = "<group>"; };
		DD58D3BF24B2FE4C00E3C9EE /* Model.framework */ = {isa = PBXFileReference; explicitFileType = wrapper.framework; includeInIndex = 0; path = Model.framework; sourceTree = BUILT_PRODUCTS_DIR; };
		DD58D3C124B2FE4C00E3C9EE /* Model.h */ = {isa = PBXFileReference; lastKnownFileType = sourcecode.c.h; path = Model.h; sourceTree = "<group>"; };
		DD58D3C224B2FE4C00E3C9EE /* Info.plist */ = {isa = PBXFileReference; lastKnownFileType = text.plist.xml; path = Info.plist; sourceTree = "<group>"; };
		DD58D3C724B2FE4D00E3C9EE /* ModelTests.xctest */ = {isa = PBXFileReference; explicitFileType = wrapper.cfbundle; includeInIndex = 0; path = ModelTests.xctest; sourceTree = BUILT_PRODUCTS_DIR; };
		DD58D3CE24B2FE4D00E3C9EE /* ModelTests.swift */ = {isa = PBXFileReference; lastKnownFileType = sourcecode.swift; path = ModelTests.swift; sourceTree = "<group>"; };
		DD58D3D024B2FE4D00E3C9EE /* Info.plist */ = {isa = PBXFileReference; lastKnownFileType = text.plist.xml; path = Info.plist; sourceTree = "<group>"; };
		DD58D3E524B31CA500E3C9EE /* PostsRepository.swift */ = {isa = PBXFileReference; lastKnownFileType = sourcecode.swift; path = PostsRepository.swift; sourceTree = "<group>"; };
		DD590AB524A5CCF20015980C /* AppCoordinator.swift */ = {isa = PBXFileReference; lastKnownFileType = sourcecode.swift; path = AppCoordinator.swift; sourceTree = "<group>"; };
		DD590AB824A5CD8D0015980C /* UIViewController+Drawable.swift */ = {isa = PBXFileReference; lastKnownFileType = sourcecode.swift; path = "UIViewController+Drawable.swift"; sourceTree = "<group>"; };
		DD590ABB24A5CE5B0015980C /* Router.swift */ = {isa = PBXFileReference; lastKnownFileType = sourcecode.swift; path = Router.swift; sourceTree = "<group>"; };
		DD590ABD24A5CF7E0015980C /* AppRouter.swift */ = {isa = PBXFileReference; lastKnownFileType = sourcecode.swift; path = AppRouter.swift; sourceTree = "<group>"; };
		DD590ABF24A5D9630015980C /* HallCoordinator.swift */ = {isa = PBXFileReference; lastKnownFileType = sourcecode.swift; path = HallCoordinator.swift; sourceTree = "<group>"; };
		DD590AC224A5DC740015980C /* AppUINavigationController.swift */ = {isa = PBXFileReference; lastKnownFileType = sourcecode.swift; path = AppUINavigationController.swift; sourceTree = "<group>"; };
		DD590AC424A60FF60015980C /* LaunchScreen.xib */ = {isa = PBXFileReference; lastKnownFileType = file.xib; path = LaunchScreen.xib; sourceTree = "<group>"; };
		DD590AC724A624260015980C /* LaunchScreenManager.swift */ = {isa = PBXFileReference; lastKnownFileType = sourcecode.swift; path = LaunchScreenManager.swift; sourceTree = "<group>"; };
		DD5AFB1424A8B97300808953 /* CreatePostViewController.swift */ = {isa = PBXFileReference; lastKnownFileType = sourcecode.swift; path = CreatePostViewController.swift; sourceTree = "<group>"; };
		DD5AFB1724A8CC7F00808953 /* CreatePostViewModel.swift */ = {isa = PBXFileReference; lastKnownFileType = sourcecode.swift; path = CreatePostViewModel.swift; sourceTree = "<group>"; };
		DD5AFB1B24A8D0B700808953 /* CreatePostConstants.swift */ = {isa = PBXFileReference; lastKnownFileType = sourcecode.swift; path = CreatePostConstants.swift; sourceTree = "<group>"; };
		DD5AFB1F24A8D30E00808953 /* CreatePostTextView.swift */ = {isa = PBXFileReference; lastKnownFileType = sourcecode.swift; path = CreatePostTextView.swift; sourceTree = "<group>"; };
		DD5AFB2724A8DB6200808953 /* Base */ = {isa = PBXFileReference; lastKnownFileType = text.plist.strings; name = Base; path = Base.lproj/Localizable.strings; sourceTree = "<group>"; };
		DD5AFB2A24A8DCCC00808953 /* en */ = {isa = PBXFileReference; lastKnownFileType = text.plist.strings; name = en; path = en.lproj/Localizable.strings; sourceTree = "<group>"; };
		DD5DC0A924B063DB009DFE36 /* CoreDataStack.swift */ = {isa = PBXFileReference; lastKnownFileType = sourcecode.swift; path = CoreDataStack.swift; sourceTree = "<group>"; };
		DD5DC0AC24B06543009DFE36 /* PostAppModel.xcdatamodel */ = {isa = PBXFileReference; lastKnownFileType = wrapper.xcdatamodel; path = PostAppModel.xcdatamodel; sourceTree = "<group>"; };
		DD5DC0AF24B0A918009DFE36 /* ContextScheduler.swift */ = {isa = PBXFileReference; lastKnownFileType = sourcecode.swift; path = ContextScheduler.swift; sourceTree = "<group>"; };
		DD5DC0B224B0AF40009DFE36 /* Observable+Ext.swift */ = {isa = PBXFileReference; lastKnownFileType = sourcecode.swift; path = "Observable+Ext.swift"; sourceTree = "<group>"; };
		DD60FDF624A9C46D0008092D /* CreatePostViewController+Keyboard.swift */ = {isa = PBXFileReference; lastKnownFileType = sourcecode.swift; path = "CreatePostViewController+Keyboard.swift"; sourceTree = "<group>"; };
		DD60FDF824A9C9F10008092D /* CreatePostViewController+TextDelegate.swift */ = {isa = PBXFileReference; lastKnownFileType = sourcecode.swift; path = "CreatePostViewController+TextDelegate.swift"; sourceTree = "<group>"; };
		DD6240F624ACCC6100FB186C /* NSManagedObjectContext+Rx.swift */ = {isa = PBXFileReference; lastKnownFileType = sourcecode.swift; path = "NSManagedObjectContext+Rx.swift"; sourceTree = "<group>"; };
		DD6240F824ACCD4A00FB186C /* FetchedResultsControllerControllerEntityObserver.swift */ = {isa = PBXFileReference; lastKnownFileType = sourcecode.swift; path = FetchedResultsControllerControllerEntityObserver.swift; sourceTree = "<group>"; };
		DD6240FA24ACD0EA00FB186C /* FetchedResultsControllerSectionObserver.swift */ = {isa = PBXFileReference; lastKnownFileType = sourcecode.swift; path = FetchedResultsControllerSectionObserver.swift; sourceTree = "<group>"; };
		DD65590524AB986D0022CDC4 /* CoreDataRepository.framework */ = {isa = PBXFileReference; explicitFileType = wrapper.framework; includeInIndex = 0; path = CoreDataRepository.framework; sourceTree = BUILT_PRODUCTS_DIR; };
		DD65590724AB986D0022CDC4 /* CoreDataRepository.h */ = {isa = PBXFileReference; lastKnownFileType = sourcecode.c.h; path = CoreDataRepository.h; sourceTree = "<group>"; };
		DD65590824AB986D0022CDC4 /* Info.plist */ = {isa = PBXFileReference; lastKnownFileType = text.plist.xml; path = Info.plist; sourceTree = "<group>"; };
		DD65590D24AB986D0022CDC4 /* CoreDataRepositoryTests.xctest */ = {isa = PBXFileReference; explicitFileType = wrapper.cfbundle; includeInIndex = 0; path = CoreDataRepositoryTests.xctest; sourceTree = BUILT_PRODUCTS_DIR; };
		DD65591424AB986D0022CDC4 /* CoreDataRepositoryTests.swift */ = {isa = PBXFileReference; lastKnownFileType = sourcecode.swift; path = CoreDataRepositoryTests.swift; sourceTree = "<group>"; };
		DD65591624AB986D0022CDC4 /* Info.plist */ = {isa = PBXFileReference; lastKnownFileType = text.plist.xml; path = Info.plist; sourceTree = "<group>"; };
		DD65592524ABA9A10022CDC4 /* Repository.swift */ = {isa = PBXFileReference; lastKnownFileType = sourcecode.swift; path = Repository.swift; sourceTree = "<group>"; };
		DD65592724ABA9DC0022CDC4 /* BaseRepository.swift */ = {isa = PBXFileReference; lastKnownFileType = sourcecode.swift; path = BaseRepository.swift; sourceTree = "<group>"; };
		DD65592A24ABB1BD0022CDC4 /* Persistable.swift */ = {isa = PBXFileReference; lastKnownFileType = sourcecode.swift; path = Persistable.swift; sourceTree = "<group>"; };
		DD65592C24ABB85C0022CDC4 /* ModelConvertibleType.swift */ = {isa = PBXFileReference; lastKnownFileType = sourcecode.swift; path = ModelConvertibleType.swift; sourceTree = "<group>"; };
		DD667B0424B2654800E4F75F /* CDPost+CoreDataClass.swift */ = {isa = PBXFileReference; lastKnownFileType = sourcecode.swift; path = "CDPost+CoreDataClass.swift"; sourceTree = SOURCE_ROOT; };
		DD667B0524B2654800E4F75F /* CDPost+CoreDataProperties.swift */ = {isa = PBXFileReference; lastKnownFileType = sourcecode.swift; path = "CDPost+CoreDataProperties.swift"; sourceTree = SOURCE_ROOT; };
		DD667B0824B2659C00E4F75F /* CDPost+Ext.swift */ = {isa = PBXFileReference; lastKnownFileType = sourcecode.swift; path = "CDPost+Ext.swift"; sourceTree = "<group>"; };
		DD79D73C24B4B652009F1C6E /* uk */ = {isa = PBXFileReference; lastKnownFileType = text.plist.strings; name = uk; path = uk.lproj/Main.strings; sourceTree = "<group>"; };
		DD79D73D24B4B654009F1C6E /* uk */ = {isa = PBXFileReference; lastKnownFileType = text.plist.strings; name = uk; path = uk.lproj/Localizable.strings; sourceTree = "<group>"; };
		DD7B3BF624B4681C0052618A /* Date+Formatter.swift */ = {isa = PBXFileReference; lastKnownFileType = sourcecode.swift; path = "Date+Formatter.swift"; sourceTree = "<group>"; };
		DD89BCEE24A51A3E00E0F32A /* Coordinator.swift */ = {isa = PBXFileReference; lastKnownFileType = sourcecode.swift; path = Coordinator.swift; sourceTree = "<group>"; };
		DD89BCF024A51AC000E0F32A /* BaseCoordinator.swift */ = {isa = PBXFileReference; lastKnownFileType = sourcecode.swift; path = BaseCoordinator.swift; sourceTree = "<group>"; };
		DDC43EEE24A6675500A00409 /* HallViewController.swift */ = {isa = PBXFileReference; lastKnownFileType = sourcecode.swift; path = HallViewController.swift; sourceTree = "<group>"; };
		DDC43EF124A6677900A00409 /* HallViewModel.swift */ = {isa = PBXFileReference; lastKnownFileType = sourcecode.swift; path = HallViewModel.swift; sourceTree = "<group>"; };
		DDC43EF324A66F8D00A00409 /* ViewModelType.swift */ = {isa = PBXFileReference; lastKnownFileType = sourcecode.swift; path = ViewModelType.swift; sourceTree = "<group>"; };
		DDD09A2C24A35E74003B01F1 /* GoogleService-Info.plist */ = {isa = PBXFileReference; fileEncoding = 4; lastKnownFileType = text.plist.xml; path = "GoogleService-Info.plist"; sourceTree = "<group>"; };
		DDDF7D9A24A34DEE0018E8C5 /* post sharing social media.app */ = {isa = PBXFileReference; explicitFileType = wrapper.application; includeInIndex = 0; path = "post sharing social media.app"; sourceTree = BUILT_PRODUCTS_DIR; };
		DDDF7D9D24A34DEE0018E8C5 /* AppDelegate.swift */ = {isa = PBXFileReference; lastKnownFileType = sourcecode.swift; path = AppDelegate.swift; sourceTree = "<group>"; };
		DDDF7D9F24A34DEE0018E8C5 /* SceneDelegate.swift */ = {isa = PBXFileReference; lastKnownFileType = sourcecode.swift; path = SceneDelegate.swift; sourceTree = "<group>"; };
		DDDF7DA424A34DEE0018E8C5 /* Base */ = {isa = PBXFileReference; lastKnownFileType = file.storyboard; name = Base; path = Base.lproj/Main.storyboard; sourceTree = "<group>"; };
		DDDF7DA624A34DF10018E8C5 /* Assets.xcassets */ = {isa = PBXFileReference; lastKnownFileType = folder.assetcatalog; path = Assets.xcassets; sourceTree = "<group>"; };
		DDDF7DAB24A34DF10018E8C5 /* Info.plist */ = {isa = PBXFileReference; lastKnownFileType = text.plist.xml; path = Info.plist; sourceTree = "<group>"; };
		DDDF7DB024A34DF10018E8C5 /* post sharing social mediaTests.xctest */ = {isa = PBXFileReference; explicitFileType = wrapper.cfbundle; includeInIndex = 0; path = "post sharing social mediaTests.xctest"; sourceTree = BUILT_PRODUCTS_DIR; };
		DDDF7DB424A34DF10018E8C5 /* post_sharing_social_mediaTests.swift */ = {isa = PBXFileReference; lastKnownFileType = sourcecode.swift; path = post_sharing_social_mediaTests.swift; sourceTree = "<group>"; };
		DDDF7DB624A34DF10018E8C5 /* Info.plist */ = {isa = PBXFileReference; lastKnownFileType = text.plist.xml; path = Info.plist; sourceTree = "<group>"; };
		DDDF7DBB24A34DF10018E8C5 /* post sharing social mediaUITests.xctest */ = {isa = PBXFileReference; explicitFileType = wrapper.cfbundle; includeInIndex = 0; path = "post sharing social mediaUITests.xctest"; sourceTree = BUILT_PRODUCTS_DIR; };
		DDDF7DBF24A34DF10018E8C5 /* post_sharing_social_mediaUITests.swift */ = {isa = PBXFileReference; lastKnownFileType = sourcecode.swift; path = post_sharing_social_mediaUITests.swift; sourceTree = "<group>"; };
		DDDF7DC124A34DF10018E8C5 /* Info.plist */ = {isa = PBXFileReference; lastKnownFileType = text.plist.xml; path = Info.plist; sourceTree = "<group>"; };
		E9EF95D30A43C895C73B3A1D /* Pods_CoreDataRepository.framework */ = {isa = PBXFileReference; explicitFileType = wrapper.framework; includeInIndex = 0; path = Pods_CoreDataRepository.framework; sourceTree = BUILT_PRODUCTS_DIR; };
		ECD61836733A03214783873C /* Pods-post sharing social media.release.xcconfig */ = {isa = PBXFileReference; includeInIndex = 1; lastKnownFileType = text.xcconfig; name = "Pods-post sharing social media.release.xcconfig"; path = "Target Support Files/Pods-post sharing social media/Pods-post sharing social media.release.xcconfig"; sourceTree = "<group>"; };
		ED914818A9E896B624201E3B /* Pods_post_sharing_social_mediaTests.framework */ = {isa = PBXFileReference; explicitFileType = wrapper.framework; includeInIndex = 0; path = Pods_post_sharing_social_mediaTests.framework; sourceTree = BUILT_PRODUCTS_DIR; };
		F1EA6A8D260A8ECA47FFA351 /* Pods-post sharing social media-post sharing social mediaUITests.release.xcconfig */ = {isa = PBXFileReference; includeInIndex = 1; lastKnownFileType = text.xcconfig; name = "Pods-post sharing social media-post sharing social mediaUITests.release.xcconfig"; path = "Target Support Files/Pods-post sharing social media-post sharing social mediaUITests/Pods-post sharing social media-post sharing social mediaUITests.release.xcconfig"; sourceTree = "<group>"; };
		F3E03E6A19286618FBB06103 /* Pods-CoreDataRepositoryTests.debug.xcconfig */ = {isa = PBXFileReference; includeInIndex = 1; lastKnownFileType = text.xcconfig; name = "Pods-CoreDataRepositoryTests.debug.xcconfig"; path = "Target Support Files/Pods-CoreDataRepositoryTests/Pods-CoreDataRepositoryTests.debug.xcconfig"; sourceTree = "<group>"; };
/* End PBXFileReference section */

/* Begin PBXFrameworksBuildPhase section */
		DD58D3BC24B2FE4C00E3C9EE /* Frameworks */ = {
			isa = PBXFrameworksBuildPhase;
			buildActionMask = 2147483647;
			files = (
			);
			runOnlyForDeploymentPostprocessing = 0;
		};
		DD58D3C424B2FE4D00E3C9EE /* Frameworks */ = {
			isa = PBXFrameworksBuildPhase;
			buildActionMask = 2147483647;
			files = (
				DD58D3C824B2FE4D00E3C9EE /* Model.framework in Frameworks */,
			);
			runOnlyForDeploymentPostprocessing = 0;
		};
		DD65590224AB986D0022CDC4 /* Frameworks */ = {
			isa = PBXFrameworksBuildPhase;
			buildActionMask = 2147483647;
			files = (
				DD58D3DE24B2FE7400E3C9EE /* Model.framework in Frameworks */,
				63A6FEB3F839995484A09050 /* Pods_CoreDataRepository.framework in Frameworks */,
			);
			runOnlyForDeploymentPostprocessing = 0;
		};
		DD65590A24AB986D0022CDC4 /* Frameworks */ = {
			isa = PBXFrameworksBuildPhase;
			buildActionMask = 2147483647;
			files = (
				DD65590E24AB986D0022CDC4 /* CoreDataRepository.framework in Frameworks */,
				895604E1367DABFA5F95E145 /* Pods_CoreDataRepositoryTests.framework in Frameworks */,
			);
			runOnlyForDeploymentPostprocessing = 0;
		};
		DDDF7D9724A34DEE0018E8C5 /* Frameworks */ = {
			isa = PBXFrameworksBuildPhase;
			buildActionMask = 2147483647;
			files = (
				EAD22F3BCEC67B5661D3013A /* Pods_post_sharing_social_media.framework in Frameworks */,
				DD58D3D424B2FE4D00E3C9EE /* Model.framework in Frameworks */,
				DD667AEB24B2611900E4F75F /* CoreDataRepository.framework in Frameworks */,
			);
			runOnlyForDeploymentPostprocessing = 0;
		};
		DDDF7DAD24A34DF10018E8C5 /* Frameworks */ = {
			isa = PBXFrameworksBuildPhase;
			buildActionMask = 2147483647;
			files = (
				847416381430D064AA80A8D1 /* Pods_post_sharing_social_mediaTests.framework in Frameworks */,
			);
			runOnlyForDeploymentPostprocessing = 0;
		};
		DDDF7DB824A34DF10018E8C5 /* Frameworks */ = {
			isa = PBXFrameworksBuildPhase;
			buildActionMask = 2147483647;
			files = (
				BFFF611A085257039D2AFB8C /* Pods_post_sharing_social_media_post_sharing_social_mediaUITests.framework in Frameworks */,
			);
			runOnlyForDeploymentPostprocessing = 0;
		};
/* End PBXFrameworksBuildPhase section */

/* Begin PBXGroup section */
		0885DD0105DE14966ECEB2F5 /* Pods */ = {
			isa = PBXGroup;
			children = (
				4E13E7369C8834744B0FC10D /* Pods-post sharing social media.debug.xcconfig */,
				ECD61836733A03214783873C /* Pods-post sharing social media.release.xcconfig */,
				A4A4497106A05FB329A48618 /* Pods-post sharing social media-post sharing social mediaUITests.debug.xcconfig */,
				F1EA6A8D260A8ECA47FFA351 /* Pods-post sharing social media-post sharing social mediaUITests.release.xcconfig */,
				4A0D1EDCE2436A26D2F00915 /* Pods-post sharing social mediaTests.debug.xcconfig */,
				51B22B956374E533A731BDBB /* Pods-post sharing social mediaTests.release.xcconfig */,
				1C4A1C130C27BFF5332F48C5 /* Pods-CoreDataRepository.debug.xcconfig */,
				75636FBEDF6E266C77D6BA71 /* Pods-CoreDataRepository.release.xcconfig */,
				F3E03E6A19286618FBB06103 /* Pods-CoreDataRepositoryTests.debug.xcconfig */,
				34AC3148BFC815EC3CCBBB19 /* Pods-CoreDataRepositoryTests.release.xcconfig */,
			);
			path = Pods;
			sourceTree = "<group>";
		};
		75A954B68829E92F948BB11F /* Frameworks */ = {
			isa = PBXGroup;
			children = (
				4C7E1CE864CD1C63C91E938A /* Pods_post_sharing_social_media.framework */,
				65E0D5193F485FFAA803AC72 /* Pods_post_sharing_social_media_post_sharing_social_mediaUITests.framework */,
				ED914818A9E896B624201E3B /* Pods_post_sharing_social_mediaTests.framework */,
				E9EF95D30A43C895C73B3A1D /* Pods_CoreDataRepository.framework */,
				3AF36ADCE693C4A22CCD7507 /* Pods_CoreDataRepositoryTests.framework */,
			);
			name = Frameworks;
			sourceTree = "<group>";
		};
		DD56F2D024A7323800865FFC /* UI Constants */ = {
			isa = PBXGroup;
			children = (
				DD5AFB1A24A8D09C00808953 /* Action Constants */,
				DD56F2E824A7B7E300865FFC /* PostTableViewCellConstants.swift */,
				DD56F2D124A7325900865FFC /* LaunchScreenConstants.swift */,
				DD56F2D724A741CB00865FFC /* CollectionViewCellsConstants.swift */,
			);
			path = "UI Constants";
			sourceTree = "<group>";
		};
		DD56F2D324A7358600865FFC /* TableViewCells */ = {
			isa = PBXGroup;
			children = (
				DD56F2D424A735B200865FFC /* PostCollectionViewCell.swift */,
			);
			path = TableViewCells;
			sourceTree = "<group>";
		};
		DD56F2D624A73F6E00865FFC /* PostViews */ = {
			isa = PBXGroup;
			children = (
				DD56F2D324A7358600865FFC /* TableViewCells */,
			);
			path = PostViews;
			sourceTree = "<group>";
		};
		DD56F2D924A747C700865FFC /* Models */ = {
			isa = PBXGroup;
			children = (
				DD56F2DE24A75A0500865FFC /* Post */,
			);
			path = Models;
			sourceTree = "<group>";
		};
		DD56F2DE24A75A0500865FFC /* Post */ = {
			isa = PBXGroup;
			children = (
				DD56F2E124A75B6B00865FFC /* RxDataSource PostSection */,
				DD56F2E224A75C6900865FFC /* Post+IdentifiableType.swift */,
			);
			path = Post;
			sourceTree = "<group>";
		};
		DD56F2E124A75B6B00865FFC /* RxDataSource PostSection */ = {
			isa = PBXGroup;
			children = (
				DD56F2DF24A75A1500865FFC /* PostSection.swift */,
			);
			path = "RxDataSource PostSection";
			sourceTree = "<group>";
		};
		DD56F2E424A7B02000865FFC /* Foundation Extensions */ = {
			isa = PBXGroup;
			children = (
				DD56F2E524A7B03C00865FFC /* String+FontSize.swift */,
				DD7B3BF624B4681C0052618A /* Date+Formatter.swift */,
			);
			path = "Foundation Extensions";
			sourceTree = "<group>";
		};
		DD56F2EA24A7D27100865FFC /* UI Components */ = {
			isa = PBXGroup;
			children = (
				DD56F2EB24A7D28700865FFC /* Gradient.swift */,
			);
			path = "UI Components";
			sourceTree = "<group>";
		};
		DD58D3C024B2FE4C00E3C9EE /* Model */ = {
			isa = PBXGroup;
			children = (
				DD58D3DD24B2FE6100E3C9EE /* Entries */,
				DD58D3C124B2FE4C00E3C9EE /* Model.h */,
				DD58D3C224B2FE4C00E3C9EE /* Info.plist */,
			);
			path = Model;
			sourceTree = "<group>";
		};
		DD58D3CD24B2FE4D00E3C9EE /* ModelTests */ = {
			isa = PBXGroup;
			children = (
				DD58D3CE24B2FE4D00E3C9EE /* ModelTests.swift */,
				DD58D3D024B2FE4D00E3C9EE /* Info.plist */,
			);
			path = ModelTests;
			sourceTree = "<group>";
		};
		DD58D3DD24B2FE6100E3C9EE /* Entries */ = {
			isa = PBXGroup;
			children = (
				DD56F2DA24A747D800865FFC /* Post.swift */,
			);
			path = Entries;
			sourceTree = "<group>";
		};
		DD590AB724A5CD330015980C /* Routers */ = {
			isa = PBXGroup;
			children = (
				DD590ABA24A5CD950015980C /* Extensions */,
				DD590ABB24A5CE5B0015980C /* Router.swift */,
				DD590ABD24A5CF7E0015980C /* AppRouter.swift */,
			);
			path = Routers;
			sourceTree = "<group>";
		};
		DD590ABA24A5CD950015980C /* Extensions */ = {
			isa = PBXGroup;
			children = (
				DD590AB824A5CD8D0015980C /* UIViewController+Drawable.swift */,
			);
			path = Extensions;
			sourceTree = "<group>";
		};
		DD590AC124A5DC470015980C /* ViewControllers */ = {
			isa = PBXGroup;
			children = (
				DD5AFB1624A8B98100808953 /* ActionViewControllers */,
				DDC43EF524A67B9000A00409 /* HallViewController */,
				DD590AC224A5DC740015980C /* AppUINavigationController.swift */,
			);
			path = ViewControllers;
			sourceTree = "<group>";
		};
		DD590AC624A623F20015980C /* Launch */ = {
			isa = PBXGroup;
			children = (
				DD590AC724A624260015980C /* LaunchScreenManager.swift */,
				DD590AC424A60FF60015980C /* LaunchScreen.xib */,
			);
			path = Launch;
			sourceTree = "<group>";
		};
		DD5AFB1624A8B98100808953 /* ActionViewControllers */ = {
			isa = PBXGroup;
			children = (
				DD5AFB1424A8B97300808953 /* CreatePostViewController.swift */,
				DD60FDF624A9C46D0008092D /* CreatePostViewController+Keyboard.swift */,
				DD60FDF824A9C9F10008092D /* CreatePostViewController+TextDelegate.swift */,
			);
			path = ActionViewControllers;
			sourceTree = "<group>";
		};
		DD5AFB1924A8CC8D00808953 /* Action ViewModels */ = {
			isa = PBXGroup;
			children = (
				DD5AFB1724A8CC7F00808953 /* CreatePostViewModel.swift */,
			);
			path = "Action ViewModels";
			sourceTree = "<group>";
		};
		DD5AFB1A24A8D09C00808953 /* Action Constants */ = {
			isa = PBXGroup;
			children = (
				DD5AFB1B24A8D0B700808953 /* CreatePostConstants.swift */,
			);
			path = "Action Constants";
			sourceTree = "<group>";
		};
		DD5AFB1D24A8D2B400808953 /* Custom Views */ = {
			isa = PBXGroup;
			children = (
				DD5AFB1E24A8D2D700808953 /* Action Views */,
				DD56F2D624A73F6E00865FFC /* PostViews */,
			);
			path = "Custom Views";
			sourceTree = "<group>";
		};
		DD5AFB1E24A8D2D700808953 /* Action Views */ = {
			isa = PBXGroup;
			children = (
				DD5AFB1F24A8D30E00808953 /* CreatePostTextView.swift */,
			);
			path = "Action Views";
			sourceTree = "<group>";
		};
		DD5DC0A824B06399009DFE36 /* CoreDataStack */ = {
			isa = PBXGroup;
			children = (
				DD5DC0A924B063DB009DFE36 /* CoreDataStack.swift */,
			);
			path = CoreDataStack;
			sourceTree = "<group>";
		};
		DD5DC0AE24B0954E009DFE36 /* Repository */ = {
			isa = PBXGroup;
			children = (
				DD58D3E524B31CA500E3C9EE /* PostsRepository.swift */,
				DD65592724ABA9DC0022CDC4 /* BaseRepository.swift */,
				DD65592524ABA9A10022CDC4 /* Repository.swift */,
			);
			path = Repository;
			sourceTree = "<group>";
		};
		DD5DC0B124B0AF22009DFE36 /* Extensions */ = {
			isa = PBXGroup;
			children = (
				DD5DC0B224B0AF40009DFE36 /* Observable+Ext.swift */,
			);
			path = Extensions;
			sourceTree = "<group>";
		};
		DD6240F524ACCC1000FB186C /* RxCoreData */ = {
			isa = PBXGroup;
			children = (
				DD6240F624ACCC6100FB186C /* NSManagedObjectContext+Rx.swift */,
				DD6240F824ACCD4A00FB186C /* FetchedResultsControllerControllerEntityObserver.swift */,
				DD6240FA24ACD0EA00FB186C /* FetchedResultsControllerSectionObserver.swift */,
				DD5DC0AF24B0A918009DFE36 /* ContextScheduler.swift */,
			);
			path = RxCoreData;
			sourceTree = "<group>";
		};
		DD65590624AB986D0022CDC4 /* CoreDataRepository */ = {
			isa = PBXGroup;
			children = (
				DD667AD824B25A1D00E4F75F /* Entities */,
				DD5DC0A824B06399009DFE36 /* CoreDataStack */,
				DD6240F524ACCC1000FB186C /* RxCoreData */,
				DD65592924ABB1AC0022CDC4 /* Convertions */,
				DD5DC0AE24B0954E009DFE36 /* Repository */,
				DD5DC0B124B0AF22009DFE36 /* Extensions */,
				DD65590724AB986D0022CDC4 /* CoreDataRepository.h */,
				DD65590824AB986D0022CDC4 /* Info.plist */,
				DD5DC0AB24B06543009DFE36 /* PostAppModel.xcdatamodeld */,
			);
			path = CoreDataRepository;
			sourceTree = "<group>";
		};
		DD65591324AB986D0022CDC4 /* CoreDataRepositoryTests */ = {
			isa = PBXGroup;
			children = (
				DD65591424AB986D0022CDC4 /* CoreDataRepositoryTests.swift */,
				DD65591624AB986D0022CDC4 /* Info.plist */,
			);
			path = CoreDataRepositoryTests;
			sourceTree = "<group>";
		};
		DD65592924ABB1AC0022CDC4 /* Convertions */ = {
			isa = PBXGroup;
			children = (
				DD65592A24ABB1BD0022CDC4 /* Persistable.swift */,
				DD65592C24ABB85C0022CDC4 /* ModelConvertibleType.swift */,
			);
			path = Convertions;
			sourceTree = "<group>";
		};
		DD667AD824B25A1D00E4F75F /* Entities */ = {
			isa = PBXGroup;
			children = (
				DD667B0424B2654800E4F75F /* CDPost+CoreDataClass.swift */,
				DD667B0524B2654800E4F75F /* CDPost+CoreDataProperties.swift */,
				DD667B0824B2659C00E4F75F /* CDPost+Ext.swift */,
			);
			path = Entities;
			sourceTree = "<group>";
		};
		DD89BCED24A51A2300E0F32A /* Coordinators */ = {
			isa = PBXGroup;
			children = (
				DD590ABF24A5D9630015980C /* HallCoordinator.swift */,
				DD590AB524A5CCF20015980C /* AppCoordinator.swift */,
				DD89BCF024A51AC000E0F32A /* BaseCoordinator.swift */,
				DD89BCEE24A51A3E00E0F32A /* Coordinator.swift */,
			);
			path = Coordinators;
			sourceTree = "<group>";
		};
		DDC43EF024A6676500A00409 /* ViewModels */ = {
			isa = PBXGroup;
			children = (
				DD5AFB1924A8CC8D00808953 /* Action ViewModels */,
				DDC43EF124A6677900A00409 /* HallViewModel.swift */,
				DDC43EF324A66F8D00A00409 /* ViewModelType.swift */,
			);
			path = ViewModels;
			sourceTree = "<group>";
		};
		DDC43EF524A67B9000A00409 /* HallViewController */ = {
			isa = PBXGroup;
			children = (
				DDC43EEE24A6675500A00409 /* HallViewController.swift */,
			);
			path = HallViewController;
			sourceTree = "<group>";
		};
		DDDF7D9124A34DEE0018E8C5 = {
			isa = PBXGroup;
			children = (
				DDDF7D9C24A34DEE0018E8C5 /* post sharing social media */,
				DD65590624AB986D0022CDC4 /* CoreDataRepository */,
				DD65591324AB986D0022CDC4 /* CoreDataRepositoryTests */,
				DDDF7DB324A34DF10018E8C5 /* post sharing social mediaTests */,
				DDDF7DBE24A34DF10018E8C5 /* post sharing social mediaUITests */,
				DD58D3C024B2FE4C00E3C9EE /* Model */,
				DD58D3CD24B2FE4D00E3C9EE /* ModelTests */,
				DDDF7D9B24A34DEE0018E8C5 /* Products */,
				0885DD0105DE14966ECEB2F5 /* Pods */,
				75A954B68829E92F948BB11F /* Frameworks */,
			);
			sourceTree = "<group>";
		};
		DDDF7D9B24A34DEE0018E8C5 /* Products */ = {
			isa = PBXGroup;
			children = (
				DDDF7D9A24A34DEE0018E8C5 /* post sharing social media.app */,
				DDDF7DB024A34DF10018E8C5 /* post sharing social mediaTests.xctest */,
				DDDF7DBB24A34DF10018E8C5 /* post sharing social mediaUITests.xctest */,
				DD65590524AB986D0022CDC4 /* CoreDataRepository.framework */,
				DD65590D24AB986D0022CDC4 /* CoreDataRepositoryTests.xctest */,
				DD58D3BF24B2FE4C00E3C9EE /* Model.framework */,
				DD58D3C724B2FE4D00E3C9EE /* ModelTests.xctest */,
			);
			name = Products;
			sourceTree = "<group>";
		};
		DDDF7D9C24A34DEE0018E8C5 /* post sharing social media */ = {
			isa = PBXGroup;
			children = (
				DD56F2EA24A7D27100865FFC /* UI Components */,
				DD56F2E424A7B02000865FFC /* Foundation Extensions */,
				DD56F2D924A747C700865FFC /* Models */,
				DD5AFB1D24A8D2B400808953 /* Custom Views */,
				DDC43EF024A6676500A00409 /* ViewModels */,
				DD590AC124A5DC470015980C /* ViewControllers */,
				DD590AB724A5CD330015980C /* Routers */,
				DD89BCED24A51A2300E0F32A /* Coordinators */,
				DD590AC624A623F20015980C /* Launch */,
				DD56F2D024A7323800865FFC /* UI Constants */,
				DDDF7D9D24A34DEE0018E8C5 /* AppDelegate.swift */,
				DDDF7D9F24A34DEE0018E8C5 /* SceneDelegate.swift */,
				DDDF7DA624A34DF10018E8C5 /* Assets.xcassets */,
				DDDF7DA324A34DEE0018E8C5 /* Main.storyboard */,
				DDD09A2C24A35E74003B01F1 /* GoogleService-Info.plist */,
				DDDF7DAB24A34DF10018E8C5 /* Info.plist */,
				DD5AFB2624A8DB6200808953 /* Localizable.strings */,
			);
			path = "post sharing social media";
			sourceTree = "<group>";
		};
		DDDF7DB324A34DF10018E8C5 /* post sharing social mediaTests */ = {
			isa = PBXGroup;
			children = (
				DDDF7DB424A34DF10018E8C5 /* post_sharing_social_mediaTests.swift */,
				DDDF7DB624A34DF10018E8C5 /* Info.plist */,
			);
			path = "post sharing social mediaTests";
			sourceTree = "<group>";
		};
		DDDF7DBE24A34DF10018E8C5 /* post sharing social mediaUITests */ = {
			isa = PBXGroup;
			children = (
				DDDF7DBF24A34DF10018E8C5 /* post_sharing_social_mediaUITests.swift */,
				DDDF7DC124A34DF10018E8C5 /* Info.plist */,
			);
			path = "post sharing social mediaUITests";
			sourceTree = "<group>";
		};
/* End PBXGroup section */

/* Begin PBXHeadersBuildPhase section */
		DD58D3BA24B2FE4C00E3C9EE /* Headers */ = {
			isa = PBXHeadersBuildPhase;
			buildActionMask = 2147483647;
			files = (
				DD58D3D124B2FE4D00E3C9EE /* Model.h in Headers */,
			);
			runOnlyForDeploymentPostprocessing = 0;
		};
		DD65590024AB986D0022CDC4 /* Headers */ = {
			isa = PBXHeadersBuildPhase;
			buildActionMask = 2147483647;
			files = (
				DD65591724AB986D0022CDC4 /* CoreDataRepository.h in Headers */,
			);
			runOnlyForDeploymentPostprocessing = 0;
		};
/* End PBXHeadersBuildPhase section */

/* Begin PBXNativeTarget section */
		DD58D3BE24B2FE4C00E3C9EE /* Model */ = {
			isa = PBXNativeTarget;
			buildConfigurationList = DD58D3D624B2FE4D00E3C9EE /* Build configuration list for PBXNativeTarget "Model" */;
			buildPhases = (
				DD58D3BA24B2FE4C00E3C9EE /* Headers */,
				DD58D3BB24B2FE4C00E3C9EE /* Sources */,
				DD58D3BC24B2FE4C00E3C9EE /* Frameworks */,
				DD58D3BD24B2FE4C00E3C9EE /* Resources */,
			);
			buildRules = (
			);
			dependencies = (
			);
			name = Model;
			productName = Model;
			productReference = DD58D3BF24B2FE4C00E3C9EE /* Model.framework */;
			productType = "com.apple.product-type.framework";
		};
		DD58D3C624B2FE4D00E3C9EE /* ModelTests */ = {
			isa = PBXNativeTarget;
			buildConfigurationList = DD58D3D924B2FE4D00E3C9EE /* Build configuration list for PBXNativeTarget "ModelTests" */;
			buildPhases = (
				DD58D3C324B2FE4D00E3C9EE /* Sources */,
				DD58D3C424B2FE4D00E3C9EE /* Frameworks */,
				DD58D3C524B2FE4D00E3C9EE /* Resources */,
			);
			buildRules = (
			);
			dependencies = (
				DD58D3CA24B2FE4D00E3C9EE /* PBXTargetDependency */,
				DD58D3CC24B2FE4D00E3C9EE /* PBXTargetDependency */,
			);
			name = ModelTests;
			productName = ModelTests;
			productReference = DD58D3C724B2FE4D00E3C9EE /* ModelTests.xctest */;
			productType = "com.apple.product-type.bundle.unit-test";
		};
		DD65590424AB986D0022CDC4 /* CoreDataRepository */ = {
			isa = PBXNativeTarget;
			buildConfigurationList = DD65591C24AB986D0022CDC4 /* Build configuration list for PBXNativeTarget "CoreDataRepository" */;
			buildPhases = (
				0B96B25914EA71E860423D08 /* [CP] Check Pods Manifest.lock */,
				DD65590024AB986D0022CDC4 /* Headers */,
				DD65590124AB986D0022CDC4 /* Sources */,
				DD65590224AB986D0022CDC4 /* Frameworks */,
				DD65590324AB986D0022CDC4 /* Resources */,
				DD58D3E224B2FE7400E3C9EE /* Embed Frameworks */,
			);
			buildRules = (
			);
			dependencies = (
				DD58D3E124B2FE7400E3C9EE /* PBXTargetDependency */,
			);
			name = CoreDataRepository;
			productName = CoreDataRepository;
			productReference = DD65590524AB986D0022CDC4 /* CoreDataRepository.framework */;
			productType = "com.apple.product-type.framework";
		};
		DD65590C24AB986D0022CDC4 /* CoreDataRepositoryTests */ = {
			isa = PBXNativeTarget;
			buildConfigurationList = DD65591F24AB986D0022CDC4 /* Build configuration list for PBXNativeTarget "CoreDataRepositoryTests" */;
			buildPhases = (
				CD84C1BAE664A0FE7E99399B /* [CP] Check Pods Manifest.lock */,
				DD65590924AB986D0022CDC4 /* Sources */,
				DD65590A24AB986D0022CDC4 /* Frameworks */,
				DD65590B24AB986D0022CDC4 /* Resources */,
			);
			buildRules = (
			);
			dependencies = (
				DD65591024AB986D0022CDC4 /* PBXTargetDependency */,
				DD65591224AB986D0022CDC4 /* PBXTargetDependency */,
			);
			name = CoreDataRepositoryTests;
			productName = CoreDataRepositoryTests;
			productReference = DD65590D24AB986D0022CDC4 /* CoreDataRepositoryTests.xctest */;
			productType = "com.apple.product-type.bundle.unit-test";
		};
		DDDF7D9924A34DEE0018E8C5 /* post sharing social media */ = {
			isa = PBXNativeTarget;
			buildConfigurationList = DDDF7DC424A34DF10018E8C5 /* Build configuration list for PBXNativeTarget "post sharing social media" */;
			buildPhases = (
				A13F896B5D7E386F5E3F350E /* [CP] Check Pods Manifest.lock */,
				DDDF7D9624A34DEE0018E8C5 /* Sources */,
				DDDF7D9724A34DEE0018E8C5 /* Frameworks */,
				DDDF7D9824A34DEE0018E8C5 /* Resources */,
				08C4F669CA1F7D1D39007F2A /* [CP] Embed Pods Frameworks */,
				DD667AEF24B2611900E4F75F /* Embed Frameworks */,
			);
			buildRules = (
			);
			dependencies = (
				DD65592424AB98F40022CDC4 /* PBXTargetDependency */,
				DD667AEE24B2611900E4F75F /* PBXTargetDependency */,
				DD58D3D324B2FE4D00E3C9EE /* PBXTargetDependency */,
			);
			name = "post sharing social media";
			productName = "post sharing social media";
			productReference = DDDF7D9A24A34DEE0018E8C5 /* post sharing social media.app */;
			productType = "com.apple.product-type.application";
		};
		DDDF7DAF24A34DF10018E8C5 /* post sharing social mediaTests */ = {
			isa = PBXNativeTarget;
			buildConfigurationList = DDDF7DC724A34DF10018E8C5 /* Build configuration list for PBXNativeTarget "post sharing social mediaTests" */;
			buildPhases = (
				F1EB72C5370C01B636677FF6 /* [CP] Check Pods Manifest.lock */,
				DDDF7DAC24A34DF10018E8C5 /* Sources */,
				DDDF7DAD24A34DF10018E8C5 /* Frameworks */,
				DDDF7DAE24A34DF10018E8C5 /* Resources */,
			);
			buildRules = (
			);
			dependencies = (
				DDDF7DB224A34DF10018E8C5 /* PBXTargetDependency */,
			);
			name = "post sharing social mediaTests";
			productName = "post sharing social mediaTests";
			productReference = DDDF7DB024A34DF10018E8C5 /* post sharing social mediaTests.xctest */;
			productType = "com.apple.product-type.bundle.unit-test";
		};
		DDDF7DBA24A34DF10018E8C5 /* post sharing social mediaUITests */ = {
			isa = PBXNativeTarget;
			buildConfigurationList = DDDF7DCA24A34DF10018E8C5 /* Build configuration list for PBXNativeTarget "post sharing social mediaUITests" */;
			buildPhases = (
				B5E32E661E024F95346D5C54 /* [CP] Check Pods Manifest.lock */,
				DDDF7DB724A34DF10018E8C5 /* Sources */,
				DDDF7DB824A34DF10018E8C5 /* Frameworks */,
				DDDF7DB924A34DF10018E8C5 /* Resources */,
				0AA9DC13791140AC880F1BEF /* [CP] Embed Pods Frameworks */,
			);
			buildRules = (
			);
			dependencies = (
				DDDF7DBD24A34DF10018E8C5 /* PBXTargetDependency */,
			);
			name = "post sharing social mediaUITests";
			productName = "post sharing social mediaUITests";
			productReference = DDDF7DBB24A34DF10018E8C5 /* post sharing social mediaUITests.xctest */;
			productType = "com.apple.product-type.bundle.ui-testing";
		};
/* End PBXNativeTarget section */

/* Begin PBXProject section */
		DDDF7D9224A34DEE0018E8C5 /* Project object */ = {
			isa = PBXProject;
			attributes = {
				LastSwiftUpdateCheck = 1150;
				LastUpgradeCheck = 1150;
				ORGANIZATIONNAME = "Vadym Bogdan";
				TargetAttributes = {
					DD58D3BE24B2FE4C00E3C9EE = {
						CreatedOnToolsVersion = 11.5;
					};
					DD58D3C624B2FE4D00E3C9EE = {
						CreatedOnToolsVersion = 11.5;
						TestTargetID = DDDF7D9924A34DEE0018E8C5;
					};
					DD65590424AB986D0022CDC4 = {
						CreatedOnToolsVersion = 11.5;
						LastSwiftMigration = 1150;
					};
					DD65590C24AB986D0022CDC4 = {
						CreatedOnToolsVersion = 11.5;
						TestTargetID = DDDF7D9924A34DEE0018E8C5;
					};
					DDDF7D9924A34DEE0018E8C5 = {
						CreatedOnToolsVersion = 11.5;
					};
					DDDF7DAF24A34DF10018E8C5 = {
						CreatedOnToolsVersion = 11.5;
						TestTargetID = DDDF7D9924A34DEE0018E8C5;
					};
					DDDF7DBA24A34DF10018E8C5 = {
						CreatedOnToolsVersion = 11.5;
						TestTargetID = DDDF7D9924A34DEE0018E8C5;
					};
				};
			};
			buildConfigurationList = DDDF7D9524A34DEE0018E8C5 /* Build configuration list for PBXProject "post sharing social media" */;
			compatibilityVersion = "Xcode 9.3";
			developmentRegion = en;
			hasScannedForEncodings = 0;
			knownRegions = (
				en,
				Base,
				uk,
			);
			mainGroup = DDDF7D9124A34DEE0018E8C5;
			productRefGroup = DDDF7D9B24A34DEE0018E8C5 /* Products */;
			projectDirPath = "";
			projectRoot = "";
			targets = (
				DDDF7D9924A34DEE0018E8C5 /* post sharing social media */,
				DDDF7DAF24A34DF10018E8C5 /* post sharing social mediaTests */,
				DDDF7DBA24A34DF10018E8C5 /* post sharing social mediaUITests */,
				DD65590424AB986D0022CDC4 /* CoreDataRepository */,
				DD65590C24AB986D0022CDC4 /* CoreDataRepositoryTests */,
				DD58D3BE24B2FE4C00E3C9EE /* Model */,
				DD58D3C624B2FE4D00E3C9EE /* ModelTests */,
			);
		};
/* End PBXProject section */

/* Begin PBXResourcesBuildPhase section */
		DD58D3BD24B2FE4C00E3C9EE /* Resources */ = {
			isa = PBXResourcesBuildPhase;
			buildActionMask = 2147483647;
			files = (
			);
			runOnlyForDeploymentPostprocessing = 0;
		};
		DD58D3C524B2FE4D00E3C9EE /* Resources */ = {
			isa = PBXResourcesBuildPhase;
			buildActionMask = 2147483647;
			files = (
			);
			runOnlyForDeploymentPostprocessing = 0;
		};
		DD65590324AB986D0022CDC4 /* Resources */ = {
			isa = PBXResourcesBuildPhase;
			buildActionMask = 2147483647;
			files = (
			);
			runOnlyForDeploymentPostprocessing = 0;
		};
		DD65590B24AB986D0022CDC4 /* Resources */ = {
			isa = PBXResourcesBuildPhase;
			buildActionMask = 2147483647;
			files = (
			);
			runOnlyForDeploymentPostprocessing = 0;
		};
		DDDF7D9824A34DEE0018E8C5 /* Resources */ = {
			isa = PBXResourcesBuildPhase;
			buildActionMask = 2147483647;
			files = (
				DD5AFB2824A8DB6200808953 /* Localizable.strings in Resources */,
				DD590AC524A60FF60015980C /* LaunchScreen.xib in Resources */,
				DDDF7DA724A34DF10018E8C5 /* Assets.xcassets in Resources */,
				DDD09A2D24A35E74003B01F1 /* GoogleService-Info.plist in Resources */,
				DDDF7DA524A34DEE0018E8C5 /* Main.storyboard in Resources */,
			);
			runOnlyForDeploymentPostprocessing = 0;
		};
		DDDF7DAE24A34DF10018E8C5 /* Resources */ = {
			isa = PBXResourcesBuildPhase;
			buildActionMask = 2147483647;
			files = (
			);
			runOnlyForDeploymentPostprocessing = 0;
		};
		DDDF7DB924A34DF10018E8C5 /* Resources */ = {
			isa = PBXResourcesBuildPhase;
			buildActionMask = 2147483647;
			files = (
			);
			runOnlyForDeploymentPostprocessing = 0;
		};
/* End PBXResourcesBuildPhase section */

/* Begin PBXShellScriptBuildPhase section */
		08C4F669CA1F7D1D39007F2A /* [CP] Embed Pods Frameworks */ = {
			isa = PBXShellScriptBuildPhase;
			buildActionMask = 2147483647;
			files = (
			);
			inputFileListPaths = (
				"${PODS_ROOT}/Target Support Files/Pods-post sharing social media/Pods-post sharing social media-frameworks-${CONFIGURATION}-input-files.xcfilelist",
			);
			name = "[CP] Embed Pods Frameworks";
			outputFileListPaths = (
				"${PODS_ROOT}/Target Support Files/Pods-post sharing social media/Pods-post sharing social media-frameworks-${CONFIGURATION}-output-files.xcfilelist",
			);
			runOnlyForDeploymentPostprocessing = 0;
			shellPath = /bin/sh;
			shellScript = "\"${PODS_ROOT}/Target Support Files/Pods-post sharing social media/Pods-post sharing social media-frameworks.sh\"\n";
			showEnvVarsInLog = 0;
		};
		0AA9DC13791140AC880F1BEF /* [CP] Embed Pods Frameworks */ = {
			isa = PBXShellScriptBuildPhase;
			buildActionMask = 2147483647;
			files = (
			);
			inputFileListPaths = (
				"${PODS_ROOT}/Target Support Files/Pods-post sharing social media-post sharing social mediaUITests/Pods-post sharing social media-post sharing social mediaUITests-frameworks-${CONFIGURATION}-input-files.xcfilelist",
			);
			name = "[CP] Embed Pods Frameworks";
			outputFileListPaths = (
				"${PODS_ROOT}/Target Support Files/Pods-post sharing social media-post sharing social mediaUITests/Pods-post sharing social media-post sharing social mediaUITests-frameworks-${CONFIGURATION}-output-files.xcfilelist",
			);
			runOnlyForDeploymentPostprocessing = 0;
			shellPath = /bin/sh;
			shellScript = "\"${PODS_ROOT}/Target Support Files/Pods-post sharing social media-post sharing social mediaUITests/Pods-post sharing social media-post sharing social mediaUITests-frameworks.sh\"\n";
			showEnvVarsInLog = 0;
		};
		0B96B25914EA71E860423D08 /* [CP] Check Pods Manifest.lock */ = {
			isa = PBXShellScriptBuildPhase;
			buildActionMask = 2147483647;
			files = (
			);
			inputFileListPaths = (
			);
			inputPaths = (
				"${PODS_PODFILE_DIR_PATH}/Podfile.lock",
				"${PODS_ROOT}/Manifest.lock",
			);
			name = "[CP] Check Pods Manifest.lock";
			outputFileListPaths = (
			);
			outputPaths = (
				"$(DERIVED_FILE_DIR)/Pods-CoreDataRepository-checkManifestLockResult.txt",
			);
			runOnlyForDeploymentPostprocessing = 0;
			shellPath = /bin/sh;
			shellScript = "diff \"${PODS_PODFILE_DIR_PATH}/Podfile.lock\" \"${PODS_ROOT}/Manifest.lock\" > /dev/null\nif [ $? != 0 ] ; then\n    # print error to STDERR\n    echo \"error: The sandbox is not in sync with the Podfile.lock. Run 'pod install' or update your CocoaPods installation.\" >&2\n    exit 1\nfi\n# This output is used by Xcode 'outputs' to avoid re-running this script phase.\necho \"SUCCESS\" > \"${SCRIPT_OUTPUT_FILE_0}\"\n";
			showEnvVarsInLog = 0;
		};
		A13F896B5D7E386F5E3F350E /* [CP] Check Pods Manifest.lock */ = {
			isa = PBXShellScriptBuildPhase;
			buildActionMask = 2147483647;
			files = (
			);
			inputFileListPaths = (
			);
			inputPaths = (
				"${PODS_PODFILE_DIR_PATH}/Podfile.lock",
				"${PODS_ROOT}/Manifest.lock",
			);
			name = "[CP] Check Pods Manifest.lock";
			outputFileListPaths = (
			);
			outputPaths = (
				"$(DERIVED_FILE_DIR)/Pods-post sharing social media-checkManifestLockResult.txt",
			);
			runOnlyForDeploymentPostprocessing = 0;
			shellPath = /bin/sh;
			shellScript = "diff \"${PODS_PODFILE_DIR_PATH}/Podfile.lock\" \"${PODS_ROOT}/Manifest.lock\" > /dev/null\nif [ $? != 0 ] ; then\n    # print error to STDERR\n    echo \"error: The sandbox is not in sync with the Podfile.lock. Run 'pod install' or update your CocoaPods installation.\" >&2\n    exit 1\nfi\n# This output is used by Xcode 'outputs' to avoid re-running this script phase.\necho \"SUCCESS\" > \"${SCRIPT_OUTPUT_FILE_0}\"\n";
			showEnvVarsInLog = 0;
		};
		B5E32E661E024F95346D5C54 /* [CP] Check Pods Manifest.lock */ = {
			isa = PBXShellScriptBuildPhase;
			buildActionMask = 2147483647;
			files = (
			);
			inputFileListPaths = (
			);
			inputPaths = (
				"${PODS_PODFILE_DIR_PATH}/Podfile.lock",
				"${PODS_ROOT}/Manifest.lock",
			);
			name = "[CP] Check Pods Manifest.lock";
			outputFileListPaths = (
			);
			outputPaths = (
				"$(DERIVED_FILE_DIR)/Pods-post sharing social media-post sharing social mediaUITests-checkManifestLockResult.txt",
			);
			runOnlyForDeploymentPostprocessing = 0;
			shellPath = /bin/sh;
			shellScript = "diff \"${PODS_PODFILE_DIR_PATH}/Podfile.lock\" \"${PODS_ROOT}/Manifest.lock\" > /dev/null\nif [ $? != 0 ] ; then\n    # print error to STDERR\n    echo \"error: The sandbox is not in sync with the Podfile.lock. Run 'pod install' or update your CocoaPods installation.\" >&2\n    exit 1\nfi\n# This output is used by Xcode 'outputs' to avoid re-running this script phase.\necho \"SUCCESS\" > \"${SCRIPT_OUTPUT_FILE_0}\"\n";
			showEnvVarsInLog = 0;
		};
		CD84C1BAE664A0FE7E99399B /* [CP] Check Pods Manifest.lock */ = {
			isa = PBXShellScriptBuildPhase;
			buildActionMask = 2147483647;
			files = (
			);
			inputFileListPaths = (
			);
			inputPaths = (
				"${PODS_PODFILE_DIR_PATH}/Podfile.lock",
				"${PODS_ROOT}/Manifest.lock",
			);
			name = "[CP] Check Pods Manifest.lock";
			outputFileListPaths = (
			);
			outputPaths = (
				"$(DERIVED_FILE_DIR)/Pods-CoreDataRepositoryTests-checkManifestLockResult.txt",
			);
			runOnlyForDeploymentPostprocessing = 0;
			shellPath = /bin/sh;
			shellScript = "diff \"${PODS_PODFILE_DIR_PATH}/Podfile.lock\" \"${PODS_ROOT}/Manifest.lock\" > /dev/null\nif [ $? != 0 ] ; then\n    # print error to STDERR\n    echo \"error: The sandbox is not in sync with the Podfile.lock. Run 'pod install' or update your CocoaPods installation.\" >&2\n    exit 1\nfi\n# This output is used by Xcode 'outputs' to avoid re-running this script phase.\necho \"SUCCESS\" > \"${SCRIPT_OUTPUT_FILE_0}\"\n";
			showEnvVarsInLog = 0;
		};
		F1EB72C5370C01B636677FF6 /* [CP] Check Pods Manifest.lock */ = {
			isa = PBXShellScriptBuildPhase;
			buildActionMask = 2147483647;
			files = (
			);
			inputFileListPaths = (
			);
			inputPaths = (
				"${PODS_PODFILE_DIR_PATH}/Podfile.lock",
				"${PODS_ROOT}/Manifest.lock",
			);
			name = "[CP] Check Pods Manifest.lock";
			outputFileListPaths = (
			);
			outputPaths = (
				"$(DERIVED_FILE_DIR)/Pods-post sharing social mediaTests-checkManifestLockResult.txt",
			);
			runOnlyForDeploymentPostprocessing = 0;
			shellPath = /bin/sh;
			shellScript = "diff \"${PODS_PODFILE_DIR_PATH}/Podfile.lock\" \"${PODS_ROOT}/Manifest.lock\" > /dev/null\nif [ $? != 0 ] ; then\n    # print error to STDERR\n    echo \"error: The sandbox is not in sync with the Podfile.lock. Run 'pod install' or update your CocoaPods installation.\" >&2\n    exit 1\nfi\n# This output is used by Xcode 'outputs' to avoid re-running this script phase.\necho \"SUCCESS\" > \"${SCRIPT_OUTPUT_FILE_0}\"\n";
			showEnvVarsInLog = 0;
		};
/* End PBXShellScriptBuildPhase section */

/* Begin PBXSourcesBuildPhase section */
		DD58D3BB24B2FE4C00E3C9EE /* Sources */ = {
			isa = PBXSourcesBuildPhase;
			buildActionMask = 2147483647;
			files = (
				DD58D3DC24B2FE5D00E3C9EE /* Post.swift in Sources */,
			);
			runOnlyForDeploymentPostprocessing = 0;
		};
		DD58D3C324B2FE4D00E3C9EE /* Sources */ = {
			isa = PBXSourcesBuildPhase;
			buildActionMask = 2147483647;
			files = (
				DD58D3CF24B2FE4D00E3C9EE /* ModelTests.swift in Sources */,
			);
			runOnlyForDeploymentPostprocessing = 0;
		};
		DD65590124AB986D0022CDC4 /* Sources */ = {
			isa = PBXSourcesBuildPhase;
			buildActionMask = 2147483647;
			files = (
				DD58D3E624B31CA500E3C9EE /* PostsRepository.swift in Sources */,
				DD65592B24ABB1BD0022CDC4 /* Persistable.swift in Sources */,
				DD6240FB24ACD0EA00FB186C /* FetchedResultsControllerSectionObserver.swift in Sources */,
				DD667B0624B2654800E4F75F /* CDPost+CoreDataClass.swift in Sources */,
				DD6240F924ACCD4A00FB186C /* FetchedResultsControllerControllerEntityObserver.swift in Sources */,
				DD65592D24ABB85C0022CDC4 /* ModelConvertibleType.swift in Sources */,
				DD5DC0AD24B06543009DFE36 /* PostAppModel.xcdatamodeld in Sources */,
				DD667B0924B2659C00E4F75F /* CDPost+Ext.swift in Sources */,
				DD5DC0B324B0AF40009DFE36 /* Observable+Ext.swift in Sources */,
				DD65592624ABA9A10022CDC4 /* Repository.swift in Sources */,
				DD65592824ABA9DC0022CDC4 /* BaseRepository.swift in Sources */,
				DD6240F724ACCC6100FB186C /* NSManagedObjectContext+Rx.swift in Sources */,
				DD667B0724B2654800E4F75F /* CDPost+CoreDataProperties.swift in Sources */,
				DD5DC0AA24B063DB009DFE36 /* CoreDataStack.swift in Sources */,
				DD5DC0B024B0A918009DFE36 /* ContextScheduler.swift in Sources */,
			);
			runOnlyForDeploymentPostprocessing = 0;
		};
		DD65590924AB986D0022CDC4 /* Sources */ = {
			isa = PBXSourcesBuildPhase;
			buildActionMask = 2147483647;
			files = (
				DD65591524AB986D0022CDC4 /* CoreDataRepositoryTests.swift in Sources */,
			);
			runOnlyForDeploymentPostprocessing = 0;
		};
		DDDF7D9624A34DEE0018E8C5 /* Sources */ = {
			isa = PBXSourcesBuildPhase;
			buildActionMask = 2147483647;
			files = (
				DD5AFB1524A8B97300808953 /* CreatePostViewController.swift in Sources */,
				DD56F2D224A7325900865FFC /* LaunchScreenConstants.swift in Sources */,
				DD590ABC24A5CE5C0015980C /* Router.swift in Sources */,
				DD56F2E924A7B7E300865FFC /* PostTableViewCellConstants.swift in Sources */,
				DDC43EEF24A6675500A00409 /* HallViewController.swift in Sources */,
				DD60FDF724A9C46D0008092D /* CreatePostViewController+Keyboard.swift in Sources */,
				DD60FDF924A9C9F10008092D /* CreatePostViewController+TextDelegate.swift in Sources */,
				DD590AB924A5CD8D0015980C /* UIViewController+Drawable.swift in Sources */,
				DD56F2D824A741CB00865FFC /* CollectionViewCellsConstants.swift in Sources */,
				DD590AB624A5CCF20015980C /* AppCoordinator.swift in Sources */,
				DD7B3BF724B4681C0052618A /* Date+Formatter.swift in Sources */,
				DD56F2EC24A7D28700865FFC /* Gradient.swift in Sources */,
				DD58D3E724B32D3C00E3C9EE /* PostAppModel.xcdatamodeld in Sources */,
				DD89BCF124A51AC000E0F32A /* BaseCoordinator.swift in Sources */,
				DD89BCEF24A51A3E00E0F32A /* Coordinator.swift in Sources */,
				DD5AFB1C24A8D0B700808953 /* CreatePostConstants.swift in Sources */,
				DD590AC024A5D9630015980C /* HallCoordinator.swift in Sources */,
				DD5AFB2024A8D30E00808953 /* CreatePostTextView.swift in Sources */,
				DD590ABE24A5CF7E0015980C /* AppRouter.swift in Sources */,
				DD590AC324A5DC740015980C /* AppUINavigationController.swift in Sources */,
				DD56F2E324A75C6900865FFC /* Post+IdentifiableType.swift in Sources */,
				DD56F2E624A7B03C00865FFC /* String+FontSize.swift in Sources */,
				DD56F2E024A75A1500865FFC /* PostSection.swift in Sources */,
				DDC43EF424A66F8D00A00409 /* ViewModelType.swift in Sources */,
				DD56F2D524A735B200865FFC /* PostCollectionViewCell.swift in Sources */,
				DDDF7D9E24A34DEE0018E8C5 /* AppDelegate.swift in Sources */,
				DD590AC824A624260015980C /* LaunchScreenManager.swift in Sources */,
				DD5AFB1824A8CC7F00808953 /* CreatePostViewModel.swift in Sources */,
				DDC43EF224A6677900A00409 /* HallViewModel.swift in Sources */,
				DDDF7DA024A34DEE0018E8C5 /* SceneDelegate.swift in Sources */,
			);
			runOnlyForDeploymentPostprocessing = 0;
		};
		DDDF7DAC24A34DF10018E8C5 /* Sources */ = {
			isa = PBXSourcesBuildPhase;
			buildActionMask = 2147483647;
			files = (
				DDDF7DB524A34DF10018E8C5 /* post_sharing_social_mediaTests.swift in Sources */,
			);
			runOnlyForDeploymentPostprocessing = 0;
		};
		DDDF7DB724A34DF10018E8C5 /* Sources */ = {
			isa = PBXSourcesBuildPhase;
			buildActionMask = 2147483647;
			files = (
				DDDF7DC024A34DF10018E8C5 /* post_sharing_social_mediaUITests.swift in Sources */,
			);
			runOnlyForDeploymentPostprocessing = 0;
		};
/* End PBXSourcesBuildPhase section */

/* Begin PBXTargetDependency section */
		DD58D3CA24B2FE4D00E3C9EE /* PBXTargetDependency */ = {
			isa = PBXTargetDependency;
			target = DD58D3BE24B2FE4C00E3C9EE /* Model */;
			targetProxy = DD58D3C924B2FE4D00E3C9EE /* PBXContainerItemProxy */;
		};
		DD58D3CC24B2FE4D00E3C9EE /* PBXTargetDependency */ = {
			isa = PBXTargetDependency;
			target = DDDF7D9924A34DEE0018E8C5 /* post sharing social media */;
			targetProxy = DD58D3CB24B2FE4D00E3C9EE /* PBXContainerItemProxy */;
		};
		DD58D3D324B2FE4D00E3C9EE /* PBXTargetDependency */ = {
			isa = PBXTargetDependency;
			target = DD58D3BE24B2FE4C00E3C9EE /* Model */;
			targetProxy = DD58D3D224B2FE4D00E3C9EE /* PBXContainerItemProxy */;
		};
		DD58D3E124B2FE7400E3C9EE /* PBXTargetDependency */ = {
			isa = PBXTargetDependency;
			target = DD58D3BE24B2FE4C00E3C9EE /* Model */;
			targetProxy = DD58D3E024B2FE7400E3C9EE /* PBXContainerItemProxy */;
		};
		DD65591024AB986D0022CDC4 /* PBXTargetDependency */ = {
			isa = PBXTargetDependency;
			target = DD65590424AB986D0022CDC4 /* CoreDataRepository */;
			targetProxy = DD65590F24AB986D0022CDC4 /* PBXContainerItemProxy */;
		};
		DD65591224AB986D0022CDC4 /* PBXTargetDependency */ = {
			isa = PBXTargetDependency;
			target = DDDF7D9924A34DEE0018E8C5 /* post sharing social media */;
			targetProxy = DD65591124AB986D0022CDC4 /* PBXContainerItemProxy */;
		};
		DD65592424AB98F40022CDC4 /* PBXTargetDependency */ = {
			isa = PBXTargetDependency;
			target = DD65590424AB986D0022CDC4 /* CoreDataRepository */;
			targetProxy = DD65592324AB98F40022CDC4 /* PBXContainerItemProxy */;
		};
		DD667AEE24B2611900E4F75F /* PBXTargetDependency */ = {
			isa = PBXTargetDependency;
			target = DD65590424AB986D0022CDC4 /* CoreDataRepository */;
			targetProxy = DD667AED24B2611900E4F75F /* PBXContainerItemProxy */;
		};
		DDDF7DB224A34DF10018E8C5 /* PBXTargetDependency */ = {
			isa = PBXTargetDependency;
			target = DDDF7D9924A34DEE0018E8C5 /* post sharing social media */;
			targetProxy = DDDF7DB124A34DF10018E8C5 /* PBXContainerItemProxy */;
		};
		DDDF7DBD24A34DF10018E8C5 /* PBXTargetDependency */ = {
			isa = PBXTargetDependency;
			target = DDDF7D9924A34DEE0018E8C5 /* post sharing social media */;
			targetProxy = DDDF7DBC24A34DF10018E8C5 /* PBXContainerItemProxy */;
		};
/* End PBXTargetDependency section */

/* Begin PBXVariantGroup section */
		DD5AFB2624A8DB6200808953 /* Localizable.strings */ = {
			isa = PBXVariantGroup;
			children = (
				DD5AFB2724A8DB6200808953 /* Base */,
				DD5AFB2A24A8DCCC00808953 /* en */,
				DD79D73D24B4B654009F1C6E /* uk */,
			);
			name = Localizable.strings;
			sourceTree = "<group>";
		};
		DDDF7DA324A34DEE0018E8C5 /* Main.storyboard */ = {
			isa = PBXVariantGroup;
			children = (
				DDDF7DA424A34DEE0018E8C5 /* Base */,
				DD79D73C24B4B652009F1C6E /* uk */,
			);
			name = Main.storyboard;
			sourceTree = "<group>";
		};
/* End PBXVariantGroup section */

/* Begin XCBuildConfiguration section */
		DD58D3D724B2FE4D00E3C9EE /* Debug */ = {
			isa = XCBuildConfiguration;
			buildSettings = {
				CODE_SIGN_STYLE = Automatic;
				CURRENT_PROJECT_VERSION = 1;
				DEFINES_MODULE = YES;
				DEVELOPMENT_TEAM = LCRZABQ3TM;
				DYLIB_COMPATIBILITY_VERSION = 1;
				DYLIB_CURRENT_VERSION = 1;
				DYLIB_INSTALL_NAME_BASE = "@rpath";
				INFOPLIST_FILE = Model/Info.plist;
				INSTALL_PATH = "$(LOCAL_LIBRARY_DIR)/Frameworks";
				IPHONEOS_DEPLOYMENT_TARGET = 12.0;
				LD_RUNPATH_SEARCH_PATHS = (
					"$(inherited)",
					"@executable_path/Frameworks",
					"@loader_path/Frameworks",
				);
				PRODUCT_BUNDLE_IDENTIFIER = com.ios.training.Model;
				PRODUCT_NAME = "$(TARGET_NAME:c99extidentifier)";
				SKIP_INSTALL = YES;
				SWIFT_VERSION = 5.0;
				TARGETED_DEVICE_FAMILY = "1,2";
				VERSIONING_SYSTEM = "apple-generic";
				VERSION_INFO_PREFIX = "";
			};
			name = Debug;
		};
		DD58D3D824B2FE4D00E3C9EE /* Release */ = {
			isa = XCBuildConfiguration;
			buildSettings = {
				CODE_SIGN_STYLE = Automatic;
				CURRENT_PROJECT_VERSION = 1;
				DEFINES_MODULE = YES;
				DEVELOPMENT_TEAM = LCRZABQ3TM;
				DYLIB_COMPATIBILITY_VERSION = 1;
				DYLIB_CURRENT_VERSION = 1;
				DYLIB_INSTALL_NAME_BASE = "@rpath";
				INFOPLIST_FILE = Model/Info.plist;
				INSTALL_PATH = "$(LOCAL_LIBRARY_DIR)/Frameworks";
				IPHONEOS_DEPLOYMENT_TARGET = 12.0;
				LD_RUNPATH_SEARCH_PATHS = (
					"$(inherited)",
					"@executable_path/Frameworks",
					"@loader_path/Frameworks",
				);
				PRODUCT_BUNDLE_IDENTIFIER = com.ios.training.Model;
				PRODUCT_NAME = "$(TARGET_NAME:c99extidentifier)";
				SKIP_INSTALL = YES;
				SWIFT_VERSION = 5.0;
				TARGETED_DEVICE_FAMILY = "1,2";
				VERSIONING_SYSTEM = "apple-generic";
				VERSION_INFO_PREFIX = "";
			};
			name = Release;
		};
		DD58D3DA24B2FE4D00E3C9EE /* Debug */ = {
			isa = XCBuildConfiguration;
			buildSettings = {
				ALWAYS_EMBED_SWIFT_STANDARD_LIBRARIES = YES;
				CODE_SIGN_STYLE = Automatic;
				DEVELOPMENT_TEAM = LCRZABQ3TM;
				INFOPLIST_FILE = ModelTests/Info.plist;
				IPHONEOS_DEPLOYMENT_TARGET = 13.5;
				LD_RUNPATH_SEARCH_PATHS = (
					"$(inherited)",
					"@executable_path/Frameworks",
					"@loader_path/Frameworks",
				);
				PRODUCT_BUNDLE_IDENTIFIER = com.ios.training.ModelTests;
				PRODUCT_NAME = "$(TARGET_NAME)";
				SWIFT_VERSION = 5.0;
				TARGETED_DEVICE_FAMILY = "1,2";
				TEST_HOST = "$(BUILT_PRODUCTS_DIR)/post sharing social media.app/post sharing social media";
			};
			name = Debug;
		};
		DD58D3DB24B2FE4D00E3C9EE /* Release */ = {
			isa = XCBuildConfiguration;
			buildSettings = {
				ALWAYS_EMBED_SWIFT_STANDARD_LIBRARIES = YES;
				CODE_SIGN_STYLE = Automatic;
				DEVELOPMENT_TEAM = LCRZABQ3TM;
				INFOPLIST_FILE = ModelTests/Info.plist;
				IPHONEOS_DEPLOYMENT_TARGET = 13.5;
				LD_RUNPATH_SEARCH_PATHS = (
					"$(inherited)",
					"@executable_path/Frameworks",
					"@loader_path/Frameworks",
				);
				PRODUCT_BUNDLE_IDENTIFIER = com.ios.training.ModelTests;
				PRODUCT_NAME = "$(TARGET_NAME)";
				SWIFT_VERSION = 5.0;
				TARGETED_DEVICE_FAMILY = "1,2";
				TEST_HOST = "$(BUILT_PRODUCTS_DIR)/post sharing social media.app/post sharing social media";
			};
			name = Release;
		};
		DD65591D24AB986D0022CDC4 /* Debug */ = {
			isa = XCBuildConfiguration;
			baseConfigurationReference = 1C4A1C130C27BFF5332F48C5 /* Pods-CoreDataRepository.debug.xcconfig */;
			buildSettings = {
				CLANG_ENABLE_MODULES = YES;
				CODE_SIGN_STYLE = Automatic;
				CURRENT_PROJECT_VERSION = 1;
				DEFINES_MODULE = YES;
				DEVELOPMENT_TEAM = LCRZABQ3TM;
				DYLIB_COMPATIBILITY_VERSION = 1;
				DYLIB_CURRENT_VERSION = 1;
				DYLIB_INSTALL_NAME_BASE = "@rpath";
				INFOPLIST_FILE = CoreDataRepository/Info.plist;
				INSTALL_PATH = "$(LOCAL_LIBRARY_DIR)/Frameworks";
				IPHONEOS_DEPLOYMENT_TARGET = 12.0;
				LD_RUNPATH_SEARCH_PATHS = (
					"$(inherited)",
					"@executable_path/Frameworks",
					"@loader_path/Frameworks",
				);
				PRODUCT_BUNDLE_IDENTIFIER = com.ios.training.CoreDataRepository;
				PRODUCT_NAME = "$(TARGET_NAME:c99extidentifier)";
				SKIP_INSTALL = YES;
				SWIFT_OPTIMIZATION_LEVEL = "-Onone";
				SWIFT_VERSION = 5.0;
				TARGETED_DEVICE_FAMILY = "1,2";
				VERSIONING_SYSTEM = "apple-generic";
				VERSION_INFO_PREFIX = "";
			};
			name = Debug;
		};
		DD65591E24AB986D0022CDC4 /* Release */ = {
			isa = XCBuildConfiguration;
			baseConfigurationReference = 75636FBEDF6E266C77D6BA71 /* Pods-CoreDataRepository.release.xcconfig */;
			buildSettings = {
				CLANG_ENABLE_MODULES = YES;
				CODE_SIGN_STYLE = Automatic;
				CURRENT_PROJECT_VERSION = 1;
				DEFINES_MODULE = YES;
				DEVELOPMENT_TEAM = LCRZABQ3TM;
				DYLIB_COMPATIBILITY_VERSION = 1;
				DYLIB_CURRENT_VERSION = 1;
				DYLIB_INSTALL_NAME_BASE = "@rpath";
				INFOPLIST_FILE = CoreDataRepository/Info.plist;
				INSTALL_PATH = "$(LOCAL_LIBRARY_DIR)/Frameworks";
				IPHONEOS_DEPLOYMENT_TARGET = 12.0;
				LD_RUNPATH_SEARCH_PATHS = (
					"$(inherited)",
					"@executable_path/Frameworks",
					"@loader_path/Frameworks",
				);
				PRODUCT_BUNDLE_IDENTIFIER = com.ios.training.CoreDataRepository;
				PRODUCT_NAME = "$(TARGET_NAME:c99extidentifier)";
				SKIP_INSTALL = YES;
				SWIFT_VERSION = 5.0;
				TARGETED_DEVICE_FAMILY = "1,2";
				VERSIONING_SYSTEM = "apple-generic";
				VERSION_INFO_PREFIX = "";
			};
			name = Release;
		};
		DD65592024AB986D0022CDC4 /* Debug */ = {
			isa = XCBuildConfiguration;
			baseConfigurationReference = F3E03E6A19286618FBB06103 /* Pods-CoreDataRepositoryTests.debug.xcconfig */;
			buildSettings = {
				ALWAYS_EMBED_SWIFT_STANDARD_LIBRARIES = YES;
				CODE_SIGN_STYLE = Automatic;
				DEVELOPMENT_TEAM = LCRZABQ3TM;
				INFOPLIST_FILE = CoreDataRepositoryTests/Info.plist;
				LD_RUNPATH_SEARCH_PATHS = (
					"$(inherited)",
					"@executable_path/Frameworks",
					"@loader_path/Frameworks",
				);
				PRODUCT_BUNDLE_IDENTIFIER = com.ios.training.CoreDataRepositoryTests;
				PRODUCT_NAME = "$(TARGET_NAME)";
				SWIFT_VERSION = 5.0;
				TARGETED_DEVICE_FAMILY = "1,2";
				TEST_HOST = "$(BUILT_PRODUCTS_DIR)/post sharing social media.app/post sharing social media";
			};
			name = Debug;
		};
		DD65592124AB986D0022CDC4 /* Release */ = {
			isa = XCBuildConfiguration;
			baseConfigurationReference = 34AC3148BFC815EC3CCBBB19 /* Pods-CoreDataRepositoryTests.release.xcconfig */;
			buildSettings = {
				ALWAYS_EMBED_SWIFT_STANDARD_LIBRARIES = YES;
				CODE_SIGN_STYLE = Automatic;
				DEVELOPMENT_TEAM = LCRZABQ3TM;
				INFOPLIST_FILE = CoreDataRepositoryTests/Info.plist;
				LD_RUNPATH_SEARCH_PATHS = (
					"$(inherited)",
					"@executable_path/Frameworks",
					"@loader_path/Frameworks",
				);
				PRODUCT_BUNDLE_IDENTIFIER = com.ios.training.CoreDataRepositoryTests;
				PRODUCT_NAME = "$(TARGET_NAME)";
				SWIFT_VERSION = 5.0;
				TARGETED_DEVICE_FAMILY = "1,2";
				TEST_HOST = "$(BUILT_PRODUCTS_DIR)/post sharing social media.app/post sharing social media";
			};
			name = Release;
		};
		DDDF7DC224A34DF10018E8C5 /* Debug */ = {
			isa = XCBuildConfiguration;
			buildSettings = {
				ALWAYS_SEARCH_USER_PATHS = NO;
				CLANG_ANALYZER_LOCALIZABILITY_NONLOCALIZED = YES;
				CLANG_ANALYZER_NONNULL = YES;
				CLANG_ANALYZER_NUMBER_OBJECT_CONVERSION = YES_AGGRESSIVE;
				CLANG_CXX_LANGUAGE_STANDARD = "gnu++14";
				CLANG_CXX_LIBRARY = "libc++";
				CLANG_ENABLE_MODULES = YES;
				CLANG_ENABLE_OBJC_ARC = YES;
				CLANG_ENABLE_OBJC_WEAK = YES;
				CLANG_WARN_BLOCK_CAPTURE_AUTORELEASING = YES;
				CLANG_WARN_BOOL_CONVERSION = YES;
				CLANG_WARN_COMMA = YES;
				CLANG_WARN_CONSTANT_CONVERSION = YES;
				CLANG_WARN_DEPRECATED_OBJC_IMPLEMENTATIONS = YES;
				CLANG_WARN_DIRECT_OBJC_ISA_USAGE = YES_ERROR;
				CLANG_WARN_DOCUMENTATION_COMMENTS = YES;
				CLANG_WARN_EMPTY_BODY = YES;
				CLANG_WARN_ENUM_CONVERSION = YES;
				CLANG_WARN_INFINITE_RECURSION = YES;
				CLANG_WARN_INT_CONVERSION = YES;
				CLANG_WARN_NON_LITERAL_NULL_CONVERSION = YES;
				CLANG_WARN_OBJC_IMPLICIT_RETAIN_SELF = YES;
				CLANG_WARN_OBJC_LITERAL_CONVERSION = YES;
				CLANG_WARN_OBJC_ROOT_CLASS = YES_ERROR;
				CLANG_WARN_RANGE_LOOP_ANALYSIS = YES;
				CLANG_WARN_STRICT_PROTOTYPES = YES;
				CLANG_WARN_SUSPICIOUS_MOVE = YES;
				CLANG_WARN_UNGUARDED_AVAILABILITY = YES_AGGRESSIVE;
				CLANG_WARN_UNREACHABLE_CODE = YES;
				CLANG_WARN__DUPLICATE_METHOD_MATCH = YES;
				COPY_PHASE_STRIP = NO;
				DEBUG_INFORMATION_FORMAT = dwarf;
				ENABLE_STRICT_OBJC_MSGSEND = YES;
				ENABLE_TESTABILITY = YES;
				GCC_C_LANGUAGE_STANDARD = gnu11;
				GCC_DYNAMIC_NO_PIC = NO;
				GCC_NO_COMMON_BLOCKS = YES;
				GCC_OPTIMIZATION_LEVEL = 0;
				GCC_PREPROCESSOR_DEFINITIONS = (
					"DEBUG=1",
					"$(inherited)",
				);
				GCC_WARN_64_TO_32_BIT_CONVERSION = YES;
				GCC_WARN_ABOUT_RETURN_TYPE = YES_ERROR;
				GCC_WARN_UNDECLARED_SELECTOR = YES;
				GCC_WARN_UNINITIALIZED_AUTOS = YES_AGGRESSIVE;
				GCC_WARN_UNUSED_FUNCTION = YES;
				GCC_WARN_UNUSED_VARIABLE = YES;
				IPHONEOS_DEPLOYMENT_TARGET = 12.0;
				MTL_ENABLE_DEBUG_INFO = INCLUDE_SOURCE;
				MTL_FAST_MATH = YES;
				ONLY_ACTIVE_ARCH = YES;
				SDKROOT = iphoneos;
				SWIFT_ACTIVE_COMPILATION_CONDITIONS = DEBUG;
				SWIFT_OPTIMIZATION_LEVEL = "-Onone";
			};
			name = Debug;
		};
		DDDF7DC324A34DF10018E8C5 /* Release */ = {
			isa = XCBuildConfiguration;
			buildSettings = {
				ALWAYS_SEARCH_USER_PATHS = NO;
				CLANG_ANALYZER_LOCALIZABILITY_NONLOCALIZED = YES;
				CLANG_ANALYZER_NONNULL = YES;
				CLANG_ANALYZER_NUMBER_OBJECT_CONVERSION = YES_AGGRESSIVE;
				CLANG_CXX_LANGUAGE_STANDARD = "gnu++14";
				CLANG_CXX_LIBRARY = "libc++";
				CLANG_ENABLE_MODULES = YES;
				CLANG_ENABLE_OBJC_ARC = YES;
				CLANG_ENABLE_OBJC_WEAK = YES;
				CLANG_WARN_BLOCK_CAPTURE_AUTORELEASING = YES;
				CLANG_WARN_BOOL_CONVERSION = YES;
				CLANG_WARN_COMMA = YES;
				CLANG_WARN_CONSTANT_CONVERSION = YES;
				CLANG_WARN_DEPRECATED_OBJC_IMPLEMENTATIONS = YES;
				CLANG_WARN_DIRECT_OBJC_ISA_USAGE = YES_ERROR;
				CLANG_WARN_DOCUMENTATION_COMMENTS = YES;
				CLANG_WARN_EMPTY_BODY = YES;
				CLANG_WARN_ENUM_CONVERSION = YES;
				CLANG_WARN_INFINITE_RECURSION = YES;
				CLANG_WARN_INT_CONVERSION = YES;
				CLANG_WARN_NON_LITERAL_NULL_CONVERSION = YES;
				CLANG_WARN_OBJC_IMPLICIT_RETAIN_SELF = YES;
				CLANG_WARN_OBJC_LITERAL_CONVERSION = YES;
				CLANG_WARN_OBJC_ROOT_CLASS = YES_ERROR;
				CLANG_WARN_RANGE_LOOP_ANALYSIS = YES;
				CLANG_WARN_STRICT_PROTOTYPES = YES;
				CLANG_WARN_SUSPICIOUS_MOVE = YES;
				CLANG_WARN_UNGUARDED_AVAILABILITY = YES_AGGRESSIVE;
				CLANG_WARN_UNREACHABLE_CODE = YES;
				CLANG_WARN__DUPLICATE_METHOD_MATCH = YES;
				COPY_PHASE_STRIP = NO;
				DEBUG_INFORMATION_FORMAT = "dwarf-with-dsym";
				ENABLE_NS_ASSERTIONS = NO;
				ENABLE_STRICT_OBJC_MSGSEND = YES;
				GCC_C_LANGUAGE_STANDARD = gnu11;
				GCC_NO_COMMON_BLOCKS = YES;
				GCC_WARN_64_TO_32_BIT_CONVERSION = YES;
				GCC_WARN_ABOUT_RETURN_TYPE = YES_ERROR;
				GCC_WARN_UNDECLARED_SELECTOR = YES;
				GCC_WARN_UNINITIALIZED_AUTOS = YES_AGGRESSIVE;
				GCC_WARN_UNUSED_FUNCTION = YES;
				GCC_WARN_UNUSED_VARIABLE = YES;
				IPHONEOS_DEPLOYMENT_TARGET = 12.0;
				MTL_ENABLE_DEBUG_INFO = NO;
				MTL_FAST_MATH = YES;
				SDKROOT = iphoneos;
				SWIFT_COMPILATION_MODE = wholemodule;
				SWIFT_OPTIMIZATION_LEVEL = "-O";
				VALIDATE_PRODUCT = YES;
			};
			name = Release;
		};
		DDDF7DC524A34DF10018E8C5 /* Debug */ = {
			isa = XCBuildConfiguration;
			baseConfigurationReference = 4E13E7369C8834744B0FC10D /* Pods-post sharing social media.debug.xcconfig */;
			buildSettings = {
				ALWAYS_EMBED_SWIFT_STANDARD_LIBRARIES = YES;
				ASSETCATALOG_COMPILER_APPICON_NAME = AppIcon;
				CODE_SIGN_STYLE = Automatic;
				DEVELOPMENT_TEAM = LCRZABQ3TM;
				INFOPLIST_FILE = "post sharing social media/Info.plist";
				IPHONEOS_DEPLOYMENT_TARGET = 12.0;
				LD_RUNPATH_SEARCH_PATHS = (
					"$(inherited)",
					"@executable_path/Frameworks",
				);
				PRODUCT_BUNDLE_IDENTIFIER = "com.ios.training.post-sharing-social-media";
				PRODUCT_NAME = "$(TARGET_NAME)";
				SWIFT_VERSION = 5.0;
				TARGETED_DEVICE_FAMILY = "1,2";
			};
			name = Debug;
		};
		DDDF7DC624A34DF10018E8C5 /* Release */ = {
			isa = XCBuildConfiguration;
			baseConfigurationReference = ECD61836733A03214783873C /* Pods-post sharing social media.release.xcconfig */;
			buildSettings = {
				ALWAYS_EMBED_SWIFT_STANDARD_LIBRARIES = YES;
				ASSETCATALOG_COMPILER_APPICON_NAME = AppIcon;
				CODE_SIGN_STYLE = Automatic;
				DEVELOPMENT_TEAM = LCRZABQ3TM;
				INFOPLIST_FILE = "post sharing social media/Info.plist";
				IPHONEOS_DEPLOYMENT_TARGET = 12.0;
				LD_RUNPATH_SEARCH_PATHS = (
					"$(inherited)",
					"@executable_path/Frameworks",
				);
				PRODUCT_BUNDLE_IDENTIFIER = "com.ios.training.post-sharing-social-media";
				PRODUCT_NAME = "$(TARGET_NAME)";
				SWIFT_VERSION = 5.0;
				TARGETED_DEVICE_FAMILY = "1,2";
			};
			name = Release;
		};
		DDDF7DC824A34DF10018E8C5 /* Debug */ = {
			isa = XCBuildConfiguration;
			baseConfigurationReference = 4A0D1EDCE2436A26D2F00915 /* Pods-post sharing social mediaTests.debug.xcconfig */;
			buildSettings = {
				ALWAYS_EMBED_SWIFT_STANDARD_LIBRARIES = YES;
				BUNDLE_LOADER = "$(TEST_HOST)";
				CODE_SIGN_STYLE = Automatic;
				DEVELOPMENT_TEAM = LCRZABQ3TM;
				INFOPLIST_FILE = "post sharing social mediaTests/Info.plist";
				IPHONEOS_DEPLOYMENT_TARGET = 13.5;
				LD_RUNPATH_SEARCH_PATHS = (
					"$(inherited)",
					"@executable_path/Frameworks",
					"@loader_path/Frameworks",
				);
				PRODUCT_BUNDLE_IDENTIFIER = "com.ios.training.post-sharing-social-mediaTests";
				PRODUCT_NAME = "$(TARGET_NAME)";
				SWIFT_VERSION = 5.0;
				TARGETED_DEVICE_FAMILY = "1,2";
				TEST_HOST = "$(BUILT_PRODUCTS_DIR)/post sharing social media.app/post sharing social media";
			};
			name = Debug;
		};
		DDDF7DC924A34DF10018E8C5 /* Release */ = {
			isa = XCBuildConfiguration;
			baseConfigurationReference = 51B22B956374E533A731BDBB /* Pods-post sharing social mediaTests.release.xcconfig */;
			buildSettings = {
				ALWAYS_EMBED_SWIFT_STANDARD_LIBRARIES = YES;
				BUNDLE_LOADER = "$(TEST_HOST)";
				CODE_SIGN_STYLE = Automatic;
				DEVELOPMENT_TEAM = LCRZABQ3TM;
				INFOPLIST_FILE = "post sharing social mediaTests/Info.plist";
				IPHONEOS_DEPLOYMENT_TARGET = 13.5;
				LD_RUNPATH_SEARCH_PATHS = (
					"$(inherited)",
					"@executable_path/Frameworks",
					"@loader_path/Frameworks",
				);
				PRODUCT_BUNDLE_IDENTIFIER = "com.ios.training.post-sharing-social-mediaTests";
				PRODUCT_NAME = "$(TARGET_NAME)";
				SWIFT_VERSION = 5.0;
				TARGETED_DEVICE_FAMILY = "1,2";
				TEST_HOST = "$(BUILT_PRODUCTS_DIR)/post sharing social media.app/post sharing social media";
			};
			name = Release;
		};
		DDDF7DCB24A34DF10018E8C5 /* Debug */ = {
			isa = XCBuildConfiguration;
			baseConfigurationReference = A4A4497106A05FB329A48618 /* Pods-post sharing social media-post sharing social mediaUITests.debug.xcconfig */;
			buildSettings = {
				ALWAYS_EMBED_SWIFT_STANDARD_LIBRARIES = YES;
				CODE_SIGN_STYLE = Automatic;
				DEVELOPMENT_TEAM = LCRZABQ3TM;
				INFOPLIST_FILE = "post sharing social mediaUITests/Info.plist";
				LD_RUNPATH_SEARCH_PATHS = (
					"$(inherited)",
					"@executable_path/Frameworks",
					"@loader_path/Frameworks",
				);
				PRODUCT_BUNDLE_IDENTIFIER = "com.ios.training.post-sharing-social-mediaUITests";
				PRODUCT_NAME = "$(TARGET_NAME)";
				SWIFT_VERSION = 5.0;
				TARGETED_DEVICE_FAMILY = "1,2";
				TEST_TARGET_NAME = "post sharing social media";
			};
			name = Debug;
		};
		DDDF7DCC24A34DF10018E8C5 /* Release */ = {
			isa = XCBuildConfiguration;
			baseConfigurationReference = F1EA6A8D260A8ECA47FFA351 /* Pods-post sharing social media-post sharing social mediaUITests.release.xcconfig */;
			buildSettings = {
				ALWAYS_EMBED_SWIFT_STANDARD_LIBRARIES = YES;
				CODE_SIGN_STYLE = Automatic;
				DEVELOPMENT_TEAM = LCRZABQ3TM;
				INFOPLIST_FILE = "post sharing social mediaUITests/Info.plist";
				LD_RUNPATH_SEARCH_PATHS = (
					"$(inherited)",
					"@executable_path/Frameworks",
					"@loader_path/Frameworks",
				);
				PRODUCT_BUNDLE_IDENTIFIER = "com.ios.training.post-sharing-social-mediaUITests";
				PRODUCT_NAME = "$(TARGET_NAME)";
				SWIFT_VERSION = 5.0;
				TARGETED_DEVICE_FAMILY = "1,2";
				TEST_TARGET_NAME = "post sharing social media";
			};
			name = Release;
		};
/* End XCBuildConfiguration section */

/* Begin XCConfigurationList section */
		DD58D3D624B2FE4D00E3C9EE /* Build configuration list for PBXNativeTarget "Model" */ = {
			isa = XCConfigurationList;
			buildConfigurations = (
				DD58D3D724B2FE4D00E3C9EE /* Debug */,
				DD58D3D824B2FE4D00E3C9EE /* Release */,
			);
			defaultConfigurationIsVisible = 0;
			defaultConfigurationName = Release;
		};
		DD58D3D924B2FE4D00E3C9EE /* Build configuration list for PBXNativeTarget "ModelTests" */ = {
			isa = XCConfigurationList;
			buildConfigurations = (
				DD58D3DA24B2FE4D00E3C9EE /* Debug */,
				DD58D3DB24B2FE4D00E3C9EE /* Release */,
			);
			defaultConfigurationIsVisible = 0;
			defaultConfigurationName = Release;
		};
		DD65591C24AB986D0022CDC4 /* Build configuration list for PBXNativeTarget "CoreDataRepository" */ = {
			isa = XCConfigurationList;
			buildConfigurations = (
				DD65591D24AB986D0022CDC4 /* Debug */,
				DD65591E24AB986D0022CDC4 /* Release */,
			);
			defaultConfigurationIsVisible = 0;
			defaultConfigurationName = Release;
		};
		DD65591F24AB986D0022CDC4 /* Build configuration list for PBXNativeTarget "CoreDataRepositoryTests" */ = {
			isa = XCConfigurationList;
			buildConfigurations = (
				DD65592024AB986D0022CDC4 /* Debug */,
				DD65592124AB986D0022CDC4 /* Release */,
			);
			defaultConfigurationIsVisible = 0;
			defaultConfigurationName = Release;
		};
		DDDF7D9524A34DEE0018E8C5 /* Build configuration list for PBXProject "post sharing social media" */ = {
			isa = XCConfigurationList;
			buildConfigurations = (
				DDDF7DC224A34DF10018E8C5 /* Debug */,
				DDDF7DC324A34DF10018E8C5 /* Release */,
			);
			defaultConfigurationIsVisible = 0;
			defaultConfigurationName = Release;
		};
		DDDF7DC424A34DF10018E8C5 /* Build configuration list for PBXNativeTarget "post sharing social media" */ = {
			isa = XCConfigurationList;
			buildConfigurations = (
				DDDF7DC524A34DF10018E8C5 /* Debug */,
				DDDF7DC624A34DF10018E8C5 /* Release */,
			);
			defaultConfigurationIsVisible = 0;
			defaultConfigurationName = Release;
		};
		DDDF7DC724A34DF10018E8C5 /* Build configuration list for PBXNativeTarget "post sharing social mediaTests" */ = {
			isa = XCConfigurationList;
			buildConfigurations = (
				DDDF7DC824A34DF10018E8C5 /* Debug */,
				DDDF7DC924A34DF10018E8C5 /* Release */,
			);
			defaultConfigurationIsVisible = 0;
			defaultConfigurationName = Release;
		};
		DDDF7DCA24A34DF10018E8C5 /* Build configuration list for PBXNativeTarget "post sharing social mediaUITests" */ = {
			isa = XCConfigurationList;
			buildConfigurations = (
				DDDF7DCB24A34DF10018E8C5 /* Debug */,
				DDDF7DCC24A34DF10018E8C5 /* Release */,
			);
			defaultConfigurationIsVisible = 0;
			defaultConfigurationName = Release;
		};
/* End XCConfigurationList section */

/* Begin XCVersionGroup section */
		DD5DC0AB24B06543009DFE36 /* PostAppModel.xcdatamodeld */ = {
			isa = XCVersionGroup;
			children = (
				DD5DC0AC24B06543009DFE36 /* PostAppModel.xcdatamodel */,
			);
			currentVersion = DD5DC0AC24B06543009DFE36 /* PostAppModel.xcdatamodel */;
			path = PostAppModel.xcdatamodeld;
			sourceTree = "<group>";
			versionGroupType = wrapper.xcdatamodel;
		};
/* End XCVersionGroup section */
	};
	rootObject = DDDF7D9224A34DEE0018E8C5 /* Project object */;
}
